// !$*UTF8*$!
{
	archiveVersion = 1;
	classes = {
	};
	objectVersion = 48;
	objects = {

/* Begin PBXBuildFile section */
		31177A34D2ACFD80D51F3D30 /* Pods_AppFactory.framework in Frameworks */ = {isa = PBXBuildFile; fileRef = 19FD220FAE9F8F2F3D9BC3DD /* Pods_AppFactory.framework */; };
		E70E9CDD1F948E640017F881 /* UIColor+AFExtension.m in Sources */ = {isa = PBXBuildFile; fileRef = E70E9CDC1F948E640017F881 /* UIColor+AFExtension.m */; };
		E722EB5A1F960F890027CC05 /* AnyPromise+AFExtension.m in Sources */ = {isa = PBXBuildFile; fileRef = E722EB591F960F890027CC05 /* AnyPromise+AFExtension.m */; };
		E722EB661F98867F0027CC05 /* FBSSOResult.m in Sources */ = {isa = PBXBuildFile; fileRef = E722EB651F98867F0027CC05 /* FBSSOResult.m */; };
		E722EB701F9C7ECD0027CC05 /* TTTAttributedLabel+AFExtension.m in Sources */ = {isa = PBXBuildFile; fileRef = E722EB6F1F9C7ECD0027CC05 /* TTTAttributedLabel+AFExtension.m */; };
		E74174561FA03D6B009456FD /* RACSubject+AFThrottle.m in Sources */ = {isa = PBXBuildFile; fileRef = E74174551FA03D6B009456FD /* RACSubject+AFThrottle.m */; };
		E741BEF61F9ED49500FE41C4 /* AFGhostButton.m in Sources */ = {isa = PBXBuildFile; fileRef = E741BEF51F9ED49500FE41C4 /* AFGhostButton.m */; };
		E741BEF91F9EDA5600FE41C4 /* AFRadioButton.m in Sources */ = {isa = PBXBuildFile; fileRef = E741BEF81F9EDA5600FE41C4 /* AFRadioButton.m */; };
		E78E5FFD1FA07A6D00EA022E /* LightBoxData.m in Sources */ = {isa = PBXBuildFile; fileRef = E78E5FF41FA07A6D00EA022E /* LightBoxData.m */; };
		E78E60011FA07A6D00EA022E /* LightBoxWrapper.m in Sources */ = {isa = PBXBuildFile; fileRef = E78E5FFC1FA07A6D00EA022E /* LightBoxWrapper.m */; };
		E78E60051FA08CAD00EA022E /* ScrollableSegmentedControl.m in Sources */ = {isa = PBXBuildFile; fileRef = E78E60041FA08CAD00EA022E /* ScrollableSegmentedControl.m */; };
		E78E60091FA08F6600EA022E /* NotificationNumberView.m in Sources */ = {isa = PBXBuildFile; fileRef = E78E60081FA08F6600EA022E /* NotificationNumberView.m */; };
		E7905D491F7A32E4006CC6F5 /* AppDelegate.m in Sources */ = {isa = PBXBuildFile; fileRef = E7905D481F7A32E4006CC6F5 /* AppDelegate.m */; };
		E7905D4C1F7A32E4006CC6F5 /* ViewController.m in Sources */ = {isa = PBXBuildFile; fileRef = E7905D4B1F7A32E4006CC6F5 /* ViewController.m */; };
		E7905D511F7A32E4006CC6F5 /* Assets.xcassets in Resources */ = {isa = PBXBuildFile; fileRef = E7905D501F7A32E4006CC6F5 /* Assets.xcassets */; };
		E7905D571F7A32E4006CC6F5 /* main.m in Sources */ = {isa = PBXBuildFile; fileRef = E7905D561F7A32E4006CC6F5 /* main.m */; };
		E7905D5E1F7A350A006CC6F5 /* Launch Screen.storyboard in Resources */ = {isa = PBXBuildFile; fileRef = E7905D5D1F7A350A006CC6F5 /* Launch Screen.storyboard */; };
		E7C20AD61F906A16004B70E0 /* CTFeedback.bundle in Resources */ = {isa = PBXBuildFile; fileRef = E7C20AD51F906A16004B70E0 /* CTFeedback.bundle */; };
		E7F4A97D1FA9A5CD00AE7B27 /* AFButtonsView.m in Sources */ = {isa = PBXBuildFile; fileRef = E7F4A97C1FA9A5CD00AE7B27 /* AFButtonsView.m */; };
		E7F4A9A41FAC05A200AE7B27 /* AFNaviBar.m in Sources */ = {isa = PBXBuildFile; fileRef = E7F4A9A31FAC05A200AE7B27 /* AFNaviBar.m */; };
		E7F8C1C21F8F1C1600B1E14B /* AppFactory.m in Sources */ = {isa = PBXBuildFile; fileRef = E7F8C0F21F8F1C1600B1E14B /* AppFactory.m */; };
		E7F8C1C31F8F1C1600B1E14B /* AFApiResponse.m in Sources */ = {isa = PBXBuildFile; fileRef = E7F8C0F61F8F1C1600B1E14B /* AFApiResponse.m */; };
		E7F8C1C41F8F1C1600B1E14B /* AFApiTaskError.m in Sources */ = {isa = PBXBuildFile; fileRef = E7F8C0F81F8F1C1600B1E14B /* AFApiTaskError.m */; };
		E7F8C1C51F8F1C1600B1E14B /* AFHTTPSessionManager+AFExtension.m in Sources */ = {isa = PBXBuildFile; fileRef = E7F8C0FA1F8F1C1600B1E14B /* AFHTTPSessionManager+AFExtension.m */; };
		E7F8C1C61F8F1C1600B1E14B /* APICategories.m in Sources */ = {isa = PBXBuildFile; fileRef = E7F8C0FC1F8F1C1600B1E14B /* APICategories.m */; };
		E7F8C1C71F8F1C1600B1E14B /* AFBaseNavigationController.m in Sources */ = {isa = PBXBuildFile; fileRef = E7F8C0FF1F8F1C1600B1E14B /* AFBaseNavigationController.m */; };
		E7F8C1C81F8F1C1600B1E14B /* AFBaseTableViewController.m in Sources */ = {isa = PBXBuildFile; fileRef = E7F8C1011F8F1C1600B1E14B /* AFBaseTableViewController.m */; };
		E7F8C1C91F8F1C1600B1E14B /* AFBaseViewController.m in Sources */ = {isa = PBXBuildFile; fileRef = E7F8C1031F8F1C1600B1E14B /* AFBaseViewController.m */; };
		E7F8C1CA1F8F1C1600B1E14B /* AFBaseTableCell.m in Sources */ = {isa = PBXBuildFile; fileRef = E7F8C1061F8F1C1600B1E14B /* AFBaseTableCell.m */; };
		E7F8C1CB1F8F1C1600B1E14B /* AFBaseTableView.m in Sources */ = {isa = PBXBuildFile; fileRef = E7F8C1081F8F1C1600B1E14B /* AFBaseTableView.m */; };
		E7F8C1CC1F8F1C1600B1E14B /* AFTableEmptyCaseView.m in Sources */ = {isa = PBXBuildFile; fileRef = E7F8C10A1F8F1C1600B1E14B /* AFTableEmptyCaseView.m */; };
		E7F8C1CD1F8F1C1600B1E14B /* IDMPhotoBrowser+AFExtension.m in Sources */ = {isa = PBXBuildFile; fileRef = E7F8C10E1F8F1C1600B1E14B /* IDMPhotoBrowser+AFExtension.m */; };
		E7F8C1CE1F8F1C1600B1E14B /* NSArray+AFExtension.m in Sources */ = {isa = PBXBuildFile; fileRef = E7F8C1121F8F1C1600B1E14B /* NSArray+AFExtension.m */; };
		E7F8C1CF1F8F1C1600B1E14B /* NSMutableArray+AFExtension.m in Sources */ = {isa = PBXBuildFile; fileRef = E7F8C1141F8F1C1600B1E14B /* NSMutableArray+AFExtension.m */; };
		E7F8C1D01F8F1C1600B1E14B /* NSMutableDictionary+AFExtension.m in Sources */ = {isa = PBXBuildFile; fileRef = E7F8C1161F8F1C1600B1E14B /* NSMutableDictionary+AFExtension.m */; };
		E7F8C1D11F8F1C1600B1E14B /* NSObject+AFExtension.m in Sources */ = {isa = PBXBuildFile; fileRef = E7F8C1181F8F1C1600B1E14B /* NSObject+AFExtension.m */; };
		E7F8C1D21F8F1C1600B1E14B /* NSDate+AFExtension.m in Sources */ = {isa = PBXBuildFile; fileRef = E7F8C11A1F8F1C1600B1E14B /* NSDate+AFExtension.m */; };
		E7F8C1D31F8F1C1600B1E14B /* NSURL+AFExtension.m in Sources */ = {isa = PBXBuildFile; fileRef = E7F8C11C1F8F1C1600B1E14B /* NSURL+AFExtension.m */; };
		E7F8C1D41F8F1C1600B1E14B /* NSAttributedString+AFExtension.m in Sources */ = {isa = PBXBuildFile; fileRef = E7F8C11F1F8F1C1600B1E14B /* NSAttributedString+AFExtension.m */; };
		E7F8C1D51F8F1C1600B1E14B /* NSMutableAttributedString+AFExtension.m in Sources */ = {isa = PBXBuildFile; fileRef = E7F8C1211F8F1C1600B1E14B /* NSMutableAttributedString+AFExtension.m */; };
		E7F8C1D61F8F1C1600B1E14B /* NSString+AFExtension.m in Sources */ = {isa = PBXBuildFile; fileRef = E7F8C1231F8F1C1600B1E14B /* NSString+AFExtension.m */; };
		E7F8C1D71F8F1C1600B1E14B /* NSString+AFRegExtension.m in Sources */ = {isa = PBXBuildFile; fileRef = E7F8C1251F8F1C1600B1E14B /* NSString+AFRegExtension.m */; };
		E7F8C1D81F8F1C1600B1E14B /* NSString+AFTimeExtension.m in Sources */ = {isa = PBXBuildFile; fileRef = E7F8C1271F8F1C1600B1E14B /* NSString+AFTimeExtension.m */; };
		E7F8C1D91F8F1C1600B1E14B /* NSString+AFWebExtension.m in Sources */ = {isa = PBXBuildFile; fileRef = E7F8C1291F8F1C1600B1E14B /* NSString+AFWebExtension.m */; };
		E7F8C1DA1F8F1C1600B1E14B /* UIButton+AFExtension.m in Sources */ = {isa = PBXBuildFile; fileRef = E7F8C12D1F8F1C1600B1E14B /* UIButton+AFExtension.m */; };
		E7F8C1DB1F8F1C1600B1E14B /* UIButton+ExpandHitArea.m in Sources */ = {isa = PBXBuildFile; fileRef = E7F8C12F1F8F1C1600B1E14B /* UIButton+ExpandHitArea.m */; };
		E7F8C1DC1F8F1C1600B1E14B /* UIImage+AFExtension.m in Sources */ = {isa = PBXBuildFile; fileRef = E7F8C1321F8F1C1600B1E14B /* UIImage+AFExtension.m */; };
		E7F8C1DD1F8F1C1600B1E14B /* UIImageView+AFExtension.m in Sources */ = {isa = PBXBuildFile; fileRef = E7F8C1341F8F1C1600B1E14B /* UIImageView+AFExtension.m */; };
		E7F8C1DE1F8F1C1600B1E14B /* AFRefreshlHeader.m in Sources */ = {isa = PBXBuildFile; fileRef = E7F8C1371F8F1C1600B1E14B /* AFRefreshlHeader.m */; };
		E7F8C1DF1F8F1C1600B1E14B /* UIScrollView+AFExtension.m in Sources */ = {isa = PBXBuildFile; fileRef = E7F8C1391F8F1C1600B1E14B /* UIScrollView+AFExtension.m */; };
		E7F8C1E01F8F1C1600B1E14B /* UIScrollView+AFRefresh.m in Sources */ = {isa = PBXBuildFile; fileRef = E7F8C13B1F8F1C1600B1E14B /* UIScrollView+AFRefresh.m */; };
		E7F8C1E11F8F1C1600B1E14B /* UITableView+AFExtension.m in Sources */ = {isa = PBXBuildFile; fileRef = E7F8C13E1F8F1C1600B1E14B /* UITableView+AFExtension.m */; };
		E7F8C1E21F8F1C1600B1E14B /* UITableViewCell+AFExtension.m in Sources */ = {isa = PBXBuildFile; fileRef = E7F8C1401F8F1C1600B1E14B /* UITableViewCell+AFExtension.m */; };
		E7F8C1E31F8F1C1600B1E14B /* UIApplication+AFExtension.m in Sources */ = {isa = PBXBuildFile; fileRef = E7F8C1421F8F1C1600B1E14B /* UIApplication+AFExtension.m */; };
		E7F8C1E41F8F1C1600B1E14B /* UILabel+AFExtension.m in Sources */ = {isa = PBXBuildFile; fileRef = E7F8C1441F8F1C1600B1E14B /* UILabel+AFExtension.m */; };
		E7F8C1E51F8F1C1600B1E14B /* UITextField+AFExtension.m in Sources */ = {isa = PBXBuildFile; fileRef = E7F8C1461F8F1C1600B1E14B /* UITextField+AFExtension.m */; };
		E7F8C1E61F8F1C1600B1E14B /* UITextView+AFExtension.m in Sources */ = {isa = PBXBuildFile; fileRef = E7F8C1481F8F1C1600B1E14B /* UITextView+AFExtension.m */; };
		E7F8C1E71F8F1C1600B1E14B /* UIView+AFBorder.m in Sources */ = {isa = PBXBuildFile; fileRef = E7F8C14B1F8F1C1600B1E14B /* UIView+AFBorder.m */; };
		E7F8C1E81F8F1C1600B1E14B /* UIView+AFExtension.m in Sources */ = {isa = PBXBuildFile; fileRef = E7F8C14D1F8F1C1600B1E14B /* UIView+AFExtension.m */; };
		E7F8C1E91F8F1C1600B1E14B /* UIView+AFSubView.m in Sources */ = {isa = PBXBuildFile; fileRef = E7F8C14F1F8F1C1600B1E14B /* UIView+AFSubView.m */; };
		E7F8C1EA1F8F1C1600B1E14B /* UIActivityViewController+AFExtension.m in Sources */ = {isa = PBXBuildFile; fileRef = E7F8C1521F8F1C1600B1E14B /* UIActivityViewController+AFExtension.m */; };
		E7F8C1EB1F8F1C1600B1E14B /* UIAlertController+AFExtension.m in Sources */ = {isa = PBXBuildFile; fileRef = E7F8C1541F8F1C1600B1E14B /* UIAlertController+AFExtension.m */; };
		E7F8C1EC1F8F1C1600B1E14B /* UIAlertController+Window.m in Sources */ = {isa = PBXBuildFile; fileRef = E7F8C1561F8F1C1600B1E14B /* UIAlertController+Window.m */; };
		E7F8C1ED1F8F1C1600B1E14B /* UIBarButtonItem+AFExtension.m in Sources */ = {isa = PBXBuildFile; fileRef = E7F8C1581F8F1C1600B1E14B /* UIBarButtonItem+AFExtension.m */; };
		E7F8C1EE1F8F1C1600B1E14B /* UINavigationController+AFExtension.m in Sources */ = {isa = PBXBuildFile; fileRef = E7F8C15A1F8F1C1600B1E14B /* UINavigationController+AFExtension.m */; };
		E7F8C1EF1F8F1C1600B1E14B /* UITabBarController+AFExtension.m in Sources */ = {isa = PBXBuildFile; fileRef = E7F8C15C1F8F1C1600B1E14B /* UITabBarController+AFExtension.m */; };
		E7F8C1F01F8F1C1600B1E14B /* UIViewController+AFExtension.m in Sources */ = {isa = PBXBuildFile; fileRef = E7F8C15E1F8F1C1600B1E14B /* UIViewController+AFExtension.m */; };
		E7F8C1F11F8F1C1600B1E14B /* APNHelper.m in Sources */ = {isa = PBXBuildFile; fileRef = E7F8C1621F8F1C1600B1E14B /* APNHelper.m */; };
		E7F8C1F21F8F1C1600B1E14B /* APNModel.m in Sources */ = {isa = PBXBuildFile; fileRef = E7F8C1641F8F1C1600B1E14B /* APNModel.m */; };
		E7F8C1F31F8F1C1600B1E14B /* AFAppVersonHelper.m in Sources */ = {isa = PBXBuildFile; fileRef = E7F8C1671F8F1C1600B1E14B /* AFAppVersonHelper.m */; };
		E7F8C1F41F8F1C1600B1E14B /* AFCountryCell.m in Sources */ = {isa = PBXBuildFile; fileRef = E7F8C16A1F8F1C1600B1E14B /* AFCountryCell.m */; };
		E7F8C1F51F8F1C1600B1E14B /* AFCountryPickerViewController.m in Sources */ = {isa = PBXBuildFile; fileRef = E7F8C16C1F8F1C1600B1E14B /* AFCountryPickerViewController.m */; };
		E7F8C1F61F8F1C1600B1E14B /* countries.json in Resources */ = {isa = PBXBuildFile; fileRef = E7F8C16E1F8F1C1600B1E14B /* countries.json */; };
		E7F8C1F71F8F1C1600B1E14B /* CountryCodePicker.m in Sources */ = {isa = PBXBuildFile; fileRef = E7F8C1701F8F1C1600B1E14B /* CountryCodePicker.m */; };
		E7F8C1F81F8F1C1600B1E14B /* CountryModel.m in Sources */ = {isa = PBXBuildFile; fileRef = E7F8C1721F8F1C1600B1E14B /* CountryModel.m */; };
		E7F8C1FA1F8F1C1600B1E14B /* FBSSOHelper.m in Sources */ = {isa = PBXBuildFile; fileRef = E7F8C1771F8F1C1600B1E14B /* FBSSOHelper.m */; };
		E7F8C1FB1F8F1C1600B1E14B /* CTFeedbackCell.m in Sources */ = {isa = PBXBuildFile; fileRef = E7F8C17C1F8F1C1600B1E14B /* CTFeedbackCell.m */; };
		E7F8C1FC1F8F1C1600B1E14B /* CTFeedbackCellItem.m in Sources */ = {isa = PBXBuildFile; fileRef = E7F8C17E1F8F1C1600B1E14B /* CTFeedbackCellItem.m */; };
		E7F8C1FD1F8F1C1600B1E14B /* CTFeedbackTopicsViewController.m in Sources */ = {isa = PBXBuildFile; fileRef = E7F8C1801F8F1C1600B1E14B /* CTFeedbackTopicsViewController.m */; };
		E7F8C1FE1F8F1C1600B1E14B /* CTFeedbackViewController.m in Sources */ = {isa = PBXBuildFile; fileRef = E7F8C1821F8F1C1600B1E14B /* CTFeedbackViewController.m */; };
		E7F8C1FF1F8F1C1600B1E14B /* NSBundle+CTFeedback.m in Sources */ = {isa = PBXBuildFile; fileRef = E7F8C1841F8F1C1600B1E14B /* NSBundle+CTFeedback.m */; };
		E7F8C2011F8F1C1600B1E14B /* FeedbackHelper.m in Sources */ = {isa = PBXBuildFile; fileRef = E7F8C1961F8F1C1600B1E14B /* FeedbackHelper.m */; };
		E7F8C2021F8F1C1600B1E14B /* HTMLParser.m in Sources */ = {isa = PBXBuildFile; fileRef = E7F8C1991F8F1C1600B1E14B /* HTMLParser.m */; };
		E7F8C2031F8F1C1600B1E14B /* TFHpple+Tag.m in Sources */ = {isa = PBXBuildFile; fileRef = E7F8C19B1F8F1C1600B1E14B /* TFHpple+Tag.m */; };
		E7F8C2041F8F1C1600B1E14B /* ImagePickerHelper.m in Sources */ = {isa = PBXBuildFile; fileRef = E7F8C19E1F8F1C1600B1E14B /* ImagePickerHelper.m */; };
		E7F8C2051F8F1C1600B1E14B /* KeyChainWrapper.m in Sources */ = {isa = PBXBuildFile; fileRef = E7F8C1A11F8F1C1600B1E14B /* KeyChainWrapper.m */; };
		E7F8C2071F8F1C1600B1E14B /* RMessageHelper.m in Sources */ = {isa = PBXBuildFile; fileRef = E7F8C1A61F8F1C1600B1E14B /* RMessageHelper.m */; };
		E7F8C2081F8F1C1600B1E14B /* SVProgressHUDHelper.m in Sources */ = {isa = PBXBuildFile; fileRef = E7F8C1A81F8F1C1600B1E14B /* SVProgressHUDHelper.m */; };
		E7F8C2091F8F1C1600B1E14B /* ToastMessage.m in Sources */ = {isa = PBXBuildFile; fileRef = E7F8C1AA1F8F1C1600B1E14B /* ToastMessage.m */; };
		E7F8C20A1F8F1C1600B1E14B /* UIComponentFactory.m in Sources */ = {isa = PBXBuildFile; fileRef = E7F8C1AD1F8F1C1600B1E14B /* UIComponentFactory.m */; };
		E7F8C20B1F8F1C1600B1E14B /* ViewControllerHelper.m in Sources */ = {isa = PBXBuildFile; fileRef = E7F8C1B01F8F1C1600B1E14B /* ViewControllerHelper.m */; };
		E7F8C20C1F8F1C1600B1E14B /* WebControllerHelper.m in Sources */ = {isa = PBXBuildFile; fileRef = E7F8C1B31F8F1C1600B1E14B /* WebControllerHelper.m */; };
		E7F8C20D1F8F1C1600B1E14B /* AFSearchBarView.m in Sources */ = {isa = PBXBuildFile; fileRef = E7F8C1BE1F8F1C1600B1E14B /* AFSearchBarView.m */; };
		E7F8C20E1F8F1C1600B1E14B /* AppFactory.bundle in Resources */ = {isa = PBXBuildFile; fileRef = E7F8C1C11F8F1C1600B1E14B /* AppFactory.bundle */; };
/* End PBXBuildFile section */

/* Begin PBXFileReference section */
		19FD220FAE9F8F2F3D9BC3DD /* Pods_AppFactory.framework */ = {isa = PBXFileReference; explicitFileType = wrapper.framework; includeInIndex = 0; path = Pods_AppFactory.framework; sourceTree = BUILT_PRODUCTS_DIR; };
		718971DA37BB2B94F20D9133 /* Pods-AppFactory.release.xcconfig */ = {isa = PBXFileReference; includeInIndex = 1; lastKnownFileType = text.xcconfig; name = "Pods-AppFactory.release.xcconfig"; path = "Pods/Target Support Files/Pods-AppFactory/Pods-AppFactory.release.xcconfig"; sourceTree = "<group>"; };
		821A19A83CA18C63B2FC3144 /* Pods-AppFactory.debug.xcconfig */ = {isa = PBXFileReference; includeInIndex = 1; lastKnownFileType = text.xcconfig; name = "Pods-AppFactory.debug.xcconfig"; path = "Pods/Target Support Files/Pods-AppFactory/Pods-AppFactory.debug.xcconfig"; sourceTree = "<group>"; };
		E70E9CDB1F948E640017F881 /* UIColor+AFExtension.h */ = {isa = PBXFileReference; lastKnownFileType = sourcecode.c.h; path = "UIColor+AFExtension.h"; sourceTree = "<group>"; };
		E70E9CDC1F948E640017F881 /* UIColor+AFExtension.m */ = {isa = PBXFileReference; lastKnownFileType = sourcecode.c.objc; path = "UIColor+AFExtension.m"; sourceTree = "<group>"; };
		E722EB581F960F890027CC05 /* AnyPromise+AFExtension.h */ = {isa = PBXFileReference; lastKnownFileType = sourcecode.c.h; path = "AnyPromise+AFExtension.h"; sourceTree = "<group>"; };
		E722EB591F960F890027CC05 /* AnyPromise+AFExtension.m */ = {isa = PBXFileReference; lastKnownFileType = sourcecode.c.objc; path = "AnyPromise+AFExtension.m"; sourceTree = "<group>"; };
		E722EB641F98867F0027CC05 /* FBSSOResult.h */ = {isa = PBXFileReference; lastKnownFileType = sourcecode.c.h; path = FBSSOResult.h; sourceTree = "<group>"; };
		E722EB651F98867F0027CC05 /* FBSSOResult.m */ = {isa = PBXFileReference; lastKnownFileType = sourcecode.c.objc; path = FBSSOResult.m; sourceTree = "<group>"; };
		E722EB6E1F9C7ECD0027CC05 /* TTTAttributedLabel+AFExtension.h */ = {isa = PBXFileReference; lastKnownFileType = sourcecode.c.h; path = "TTTAttributedLabel+AFExtension.h"; sourceTree = "<group>"; };
		E722EB6F1F9C7ECD0027CC05 /* TTTAttributedLabel+AFExtension.m */ = {isa = PBXFileReference; lastKnownFileType = sourcecode.c.objc; path = "TTTAttributedLabel+AFExtension.m"; sourceTree = "<group>"; };
		E74174541FA03D6B009456FD /* RACSubject+AFThrottle.h */ = {isa = PBXFileReference; lastKnownFileType = sourcecode.c.h; path = "RACSubject+AFThrottle.h"; sourceTree = "<group>"; };
		E74174551FA03D6B009456FD /* RACSubject+AFThrottle.m */ = {isa = PBXFileReference; lastKnownFileType = sourcecode.c.objc; path = "RACSubject+AFThrottle.m"; sourceTree = "<group>"; };
		E741BEF41F9ED49500FE41C4 /* AFGhostButton.h */ = {isa = PBXFileReference; lastKnownFileType = sourcecode.c.h; path = AFGhostButton.h; sourceTree = "<group>"; };
		E741BEF51F9ED49500FE41C4 /* AFGhostButton.m */ = {isa = PBXFileReference; lastKnownFileType = sourcecode.c.objc; path = AFGhostButton.m; sourceTree = "<group>"; };
		E741BEF71F9EDA5600FE41C4 /* AFRadioButton.h */ = {isa = PBXFileReference; lastKnownFileType = sourcecode.c.h; path = AFRadioButton.h; sourceTree = "<group>"; };
		E741BEF81F9EDA5600FE41C4 /* AFRadioButton.m */ = {isa = PBXFileReference; lastKnownFileType = sourcecode.c.objc; path = AFRadioButton.m; sourceTree = "<group>"; };
		E78E5FF31FA07A6D00EA022E /* LightBoxData.h */ = {isa = PBXFileReference; fileEncoding = 4; lastKnownFileType = sourcecode.c.h; path = LightBoxData.h; sourceTree = "<group>"; };
		E78E5FF41FA07A6D00EA022E /* LightBoxData.m */ = {isa = PBXFileReference; fileEncoding = 4; lastKnownFileType = sourcecode.c.objc; path = LightBoxData.m; sourceTree = "<group>"; };
		E78E5FFB1FA07A6D00EA022E /* LightBoxWrapper.h */ = {isa = PBXFileReference; fileEncoding = 4; lastKnownFileType = sourcecode.c.h; path = LightBoxWrapper.h; sourceTree = "<group>"; };
		E78E5FFC1FA07A6D00EA022E /* LightBoxWrapper.m */ = {isa = PBXFileReference; fileEncoding = 4; lastKnownFileType = sourcecode.c.objc; path = LightBoxWrapper.m; sourceTree = "<group>"; };
		E78E60031FA08CAD00EA022E /* ScrollableSegmentedControl.h */ = {isa = PBXFileReference; fileEncoding = 4; lastKnownFileType = sourcecode.c.h; path = ScrollableSegmentedControl.h; sourceTree = "<group>"; };
		E78E60041FA08CAD00EA022E /* ScrollableSegmentedControl.m */ = {isa = PBXFileReference; fileEncoding = 4; lastKnownFileType = sourcecode.c.objc; path = ScrollableSegmentedControl.m; sourceTree = "<group>"; };
		E78E60071FA08F6600EA022E /* NotificationNumberView.h */ = {isa = PBXFileReference; fileEncoding = 4; lastKnownFileType = sourcecode.c.h; path = NotificationNumberView.h; sourceTree = "<group>"; };
		E78E60081FA08F6600EA022E /* NotificationNumberView.m */ = {isa = PBXFileReference; fileEncoding = 4; lastKnownFileType = sourcecode.c.objc; path = NotificationNumberView.m; sourceTree = "<group>"; };
		E7905D441F7A32E4006CC6F5 /* AppFactory.app */ = {isa = PBXFileReference; explicitFileType = wrapper.application; includeInIndex = 0; path = AppFactory.app; sourceTree = BUILT_PRODUCTS_DIR; };
		E7905D471F7A32E4006CC6F5 /* AppDelegate.h */ = {isa = PBXFileReference; lastKnownFileType = sourcecode.c.h; path = AppDelegate.h; sourceTree = "<group>"; };
		E7905D481F7A32E4006CC6F5 /* AppDelegate.m */ = {isa = PBXFileReference; lastKnownFileType = sourcecode.c.objc; path = AppDelegate.m; sourceTree = "<group>"; };
		E7905D4A1F7A32E4006CC6F5 /* ViewController.h */ = {isa = PBXFileReference; lastKnownFileType = sourcecode.c.h; path = ViewController.h; sourceTree = "<group>"; };
		E7905D4B1F7A32E4006CC6F5 /* ViewController.m */ = {isa = PBXFileReference; lastKnownFileType = sourcecode.c.objc; path = ViewController.m; sourceTree = "<group>"; };
		E7905D501F7A32E4006CC6F5 /* Assets.xcassets */ = {isa = PBXFileReference; lastKnownFileType = folder.assetcatalog; path = Assets.xcassets; sourceTree = "<group>"; };
		E7905D551F7A32E4006CC6F5 /* Info.plist */ = {isa = PBXFileReference; lastKnownFileType = text.plist.xml; path = Info.plist; sourceTree = "<group>"; };
		E7905D561F7A32E4006CC6F5 /* main.m */ = {isa = PBXFileReference; lastKnownFileType = sourcecode.c.objc; path = main.m; sourceTree = "<group>"; };
		E7905D5D1F7A350A006CC6F5 /* Launch Screen.storyboard */ = {isa = PBXFileReference; lastKnownFileType = file.storyboard; path = "Launch Screen.storyboard"; sourceTree = "<group>"; };
		E7905D631F7A5ACB006CC6F5 /* AppFactory-Prefix.pch */ = {isa = PBXFileReference; fileEncoding = 4; lastKnownFileType = sourcecode.c.h; path = "AppFactory-Prefix.pch"; sourceTree = "<group>"; };
		E7AD2E321F8DA8EA00F8E58A /* Info.plist */ = {isa = PBXFileReference; lastKnownFileType = text.plist.xml; path = Info.plist; sourceTree = "<group>"; };
		E7C20AD51F906A16004B70E0 /* CTFeedback.bundle */ = {isa = PBXFileReference; lastKnownFileType = "wrapper.plug-in"; path = CTFeedback.bundle; sourceTree = "<group>"; };
		E7F4A97B1FA9A5CD00AE7B27 /* AFButtonsView.h */ = {isa = PBXFileReference; lastKnownFileType = sourcecode.c.h; path = AFButtonsView.h; sourceTree = "<group>"; };
		E7F4A97C1FA9A5CD00AE7B27 /* AFButtonsView.m */ = {isa = PBXFileReference; lastKnownFileType = sourcecode.c.objc; path = AFButtonsView.m; sourceTree = "<group>"; };
		E7F4A9A21FAC05A200AE7B27 /* AFNaviBar.h */ = {isa = PBXFileReference; lastKnownFileType = sourcecode.c.h; path = AFNaviBar.h; sourceTree = "<group>"; };
		E7F4A9A31FAC05A200AE7B27 /* AFNaviBar.m */ = {isa = PBXFileReference; lastKnownFileType = sourcecode.c.objc; path = AFNaviBar.m; sourceTree = "<group>"; };
		E7F8C0F11F8F1C1600B1E14B /* AppFactory.h */ = {isa = PBXFileReference; fileEncoding = 4; lastKnownFileType = sourcecode.c.h; path = AppFactory.h; sourceTree = "<group>"; };
		E7F8C0F21F8F1C1600B1E14B /* AppFactory.m */ = {isa = PBXFileReference; fileEncoding = 4; lastKnownFileType = sourcecode.c.objc; path = AppFactory.m; sourceTree = "<group>"; };
		E7F8C0F51F8F1C1600B1E14B /* AFApiResponse.h */ = {isa = PBXFileReference; fileEncoding = 4; lastKnownFileType = sourcecode.c.h; path = AFApiResponse.h; sourceTree = "<group>"; };
		E7F8C0F61F8F1C1600B1E14B /* AFApiResponse.m */ = {isa = PBXFileReference; fileEncoding = 4; lastKnownFileType = sourcecode.c.objc; path = AFApiResponse.m; sourceTree = "<group>"; };
		E7F8C0F71F8F1C1600B1E14B /* AFApiTaskError.h */ = {isa = PBXFileReference; fileEncoding = 4; lastKnownFileType = sourcecode.c.h; path = AFApiTaskError.h; sourceTree = "<group>"; };
		E7F8C0F81F8F1C1600B1E14B /* AFApiTaskError.m */ = {isa = PBXFileReference; fileEncoding = 4; lastKnownFileType = sourcecode.c.objc; path = AFApiTaskError.m; sourceTree = "<group>"; };
		E7F8C0F91F8F1C1600B1E14B /* AFHTTPSessionManager+AFExtension.h */ = {isa = PBXFileReference; fileEncoding = 4; lastKnownFileType = sourcecode.c.h; path = "AFHTTPSessionManager+AFExtension.h"; sourceTree = "<group>"; };
		E7F8C0FA1F8F1C1600B1E14B /* AFHTTPSessionManager+AFExtension.m */ = {isa = PBXFileReference; fileEncoding = 4; lastKnownFileType = sourcecode.c.objc; path = "AFHTTPSessionManager+AFExtension.m"; sourceTree = "<group>"; };
		E7F8C0FB1F8F1C1600B1E14B /* APICategories.h */ = {isa = PBXFileReference; fileEncoding = 4; lastKnownFileType = sourcecode.c.h; path = APICategories.h; sourceTree = "<group>"; };
		E7F8C0FC1F8F1C1600B1E14B /* APICategories.m */ = {isa = PBXFileReference; fileEncoding = 4; lastKnownFileType = sourcecode.c.objc; path = APICategories.m; sourceTree = "<group>"; };
		E7F8C0FE1F8F1C1600B1E14B /* AFBaseNavigationController.h */ = {isa = PBXFileReference; fileEncoding = 4; lastKnownFileType = sourcecode.c.h; path = AFBaseNavigationController.h; sourceTree = "<group>"; };
		E7F8C0FF1F8F1C1600B1E14B /* AFBaseNavigationController.m */ = {isa = PBXFileReference; fileEncoding = 4; lastKnownFileType = sourcecode.c.objc; path = AFBaseNavigationController.m; sourceTree = "<group>"; };
		E7F8C1001F8F1C1600B1E14B /* AFBaseTableViewController.h */ = {isa = PBXFileReference; fileEncoding = 4; lastKnownFileType = sourcecode.c.h; path = AFBaseTableViewController.h; sourceTree = "<group>"; };
		E7F8C1011F8F1C1600B1E14B /* AFBaseTableViewController.m */ = {isa = PBXFileReference; fileEncoding = 4; lastKnownFileType = sourcecode.c.objc; path = AFBaseTableViewController.m; sourceTree = "<group>"; };
		E7F8C1021F8F1C1600B1E14B /* AFBaseViewController.h */ = {isa = PBXFileReference; fileEncoding = 4; lastKnownFileType = sourcecode.c.h; path = AFBaseViewController.h; sourceTree = "<group>"; };
		E7F8C1031F8F1C1600B1E14B /* AFBaseViewController.m */ = {isa = PBXFileReference; fileEncoding = 4; lastKnownFileType = sourcecode.c.objc; path = AFBaseViewController.m; sourceTree = "<group>"; };
		E7F8C1051F8F1C1600B1E14B /* AFBaseTableCell.h */ = {isa = PBXFileReference; fileEncoding = 4; lastKnownFileType = sourcecode.c.h; path = AFBaseTableCell.h; sourceTree = "<group>"; };
		E7F8C1061F8F1C1600B1E14B /* AFBaseTableCell.m */ = {isa = PBXFileReference; fileEncoding = 4; lastKnownFileType = sourcecode.c.objc; path = AFBaseTableCell.m; sourceTree = "<group>"; };
		E7F8C1071F8F1C1600B1E14B /* AFBaseTableView.h */ = {isa = PBXFileReference; fileEncoding = 4; lastKnownFileType = sourcecode.c.h; path = AFBaseTableView.h; sourceTree = "<group>"; };
		E7F8C1081F8F1C1600B1E14B /* AFBaseTableView.m */ = {isa = PBXFileReference; fileEncoding = 4; lastKnownFileType = sourcecode.c.objc; path = AFBaseTableView.m; sourceTree = "<group>"; };
		E7F8C1091F8F1C1600B1E14B /* AFTableEmptyCaseView.h */ = {isa = PBXFileReference; fileEncoding = 4; lastKnownFileType = sourcecode.c.h; path = AFTableEmptyCaseView.h; sourceTree = "<group>"; };
		E7F8C10A1F8F1C1600B1E14B /* AFTableEmptyCaseView.m */ = {isa = PBXFileReference; fileEncoding = 4; lastKnownFileType = sourcecode.c.objc; path = AFTableEmptyCaseView.m; sourceTree = "<group>"; };
		E7F8C10D1F8F1C1600B1E14B /* IDMPhotoBrowser+AFExtension.h */ = {isa = PBXFileReference; fileEncoding = 4; lastKnownFileType = sourcecode.c.h; path = "IDMPhotoBrowser+AFExtension.h"; sourceTree = "<group>"; };
		E7F8C10E1F8F1C1600B1E14B /* IDMPhotoBrowser+AFExtension.m */ = {isa = PBXFileReference; fileEncoding = 4; lastKnownFileType = sourcecode.c.objc; path = "IDMPhotoBrowser+AFExtension.m"; sourceTree = "<group>"; };
		E7F8C1111F8F1C1600B1E14B /* NSArray+AFExtension.h */ = {isa = PBXFileReference; fileEncoding = 4; lastKnownFileType = sourcecode.c.h; path = "NSArray+AFExtension.h"; sourceTree = "<group>"; };
		E7F8C1121F8F1C1600B1E14B /* NSArray+AFExtension.m */ = {isa = PBXFileReference; fileEncoding = 4; lastKnownFileType = sourcecode.c.objc; path = "NSArray+AFExtension.m"; sourceTree = "<group>"; };
		E7F8C1131F8F1C1600B1E14B /* NSMutableArray+AFExtension.h */ = {isa = PBXFileReference; fileEncoding = 4; lastKnownFileType = sourcecode.c.h; path = "NSMutableArray+AFExtension.h"; sourceTree = "<group>"; };
		E7F8C1141F8F1C1600B1E14B /* NSMutableArray+AFExtension.m */ = {isa = PBXFileReference; fileEncoding = 4; lastKnownFileType = sourcecode.c.objc; path = "NSMutableArray+AFExtension.m"; sourceTree = "<group>"; };
		E7F8C1151F8F1C1600B1E14B /* NSMutableDictionary+AFExtension.h */ = {isa = PBXFileReference; fileEncoding = 4; lastKnownFileType = sourcecode.c.h; path = "NSMutableDictionary+AFExtension.h"; sourceTree = "<group>"; };
		E7F8C1161F8F1C1600B1E14B /* NSMutableDictionary+AFExtension.m */ = {isa = PBXFileReference; fileEncoding = 4; lastKnownFileType = sourcecode.c.objc; path = "NSMutableDictionary+AFExtension.m"; sourceTree = "<group>"; };
		E7F8C1171F8F1C1600B1E14B /* NSObject+AFExtension.h */ = {isa = PBXFileReference; fileEncoding = 4; lastKnownFileType = sourcecode.c.h; path = "NSObject+AFExtension.h"; sourceTree = "<group>"; };
		E7F8C1181F8F1C1600B1E14B /* NSObject+AFExtension.m */ = {isa = PBXFileReference; fileEncoding = 4; lastKnownFileType = sourcecode.c.objc; path = "NSObject+AFExtension.m"; sourceTree = "<group>"; };
		E7F8C1191F8F1C1600B1E14B /* NSDate+AFExtension.h */ = {isa = PBXFileReference; fileEncoding = 4; lastKnownFileType = sourcecode.c.h; path = "NSDate+AFExtension.h"; sourceTree = "<group>"; };
		E7F8C11A1F8F1C1600B1E14B /* NSDate+AFExtension.m */ = {isa = PBXFileReference; fileEncoding = 4; lastKnownFileType = sourcecode.c.objc; path = "NSDate+AFExtension.m"; sourceTree = "<group>"; };
		E7F8C11B1F8F1C1600B1E14B /* NSURL+AFExtension.h */ = {isa = PBXFileReference; fileEncoding = 4; lastKnownFileType = sourcecode.c.h; path = "NSURL+AFExtension.h"; sourceTree = "<group>"; };
		E7F8C11C1F8F1C1600B1E14B /* NSURL+AFExtension.m */ = {isa = PBXFileReference; fileEncoding = 4; lastKnownFileType = sourcecode.c.objc; path = "NSURL+AFExtension.m"; sourceTree = "<group>"; };
		E7F8C11E1F8F1C1600B1E14B /* NSAttributedString+AFExtension.h */ = {isa = PBXFileReference; fileEncoding = 4; lastKnownFileType = sourcecode.c.h; path = "NSAttributedString+AFExtension.h"; sourceTree = "<group>"; };
		E7F8C11F1F8F1C1600B1E14B /* NSAttributedString+AFExtension.m */ = {isa = PBXFileReference; fileEncoding = 4; lastKnownFileType = sourcecode.c.objc; path = "NSAttributedString+AFExtension.m"; sourceTree = "<group>"; };
		E7F8C1201F8F1C1600B1E14B /* NSMutableAttributedString+AFExtension.h */ = {isa = PBXFileReference; fileEncoding = 4; lastKnownFileType = sourcecode.c.h; path = "NSMutableAttributedString+AFExtension.h"; sourceTree = "<group>"; };
		E7F8C1211F8F1C1600B1E14B /* NSMutableAttributedString+AFExtension.m */ = {isa = PBXFileReference; fileEncoding = 4; lastKnownFileType = sourcecode.c.objc; path = "NSMutableAttributedString+AFExtension.m"; sourceTree = "<group>"; };
		E7F8C1221F8F1C1600B1E14B /* NSString+AFExtension.h */ = {isa = PBXFileReference; fileEncoding = 4; lastKnownFileType = sourcecode.c.h; path = "NSString+AFExtension.h"; sourceTree = "<group>"; };
		E7F8C1231F8F1C1600B1E14B /* NSString+AFExtension.m */ = {isa = PBXFileReference; fileEncoding = 4; lastKnownFileType = sourcecode.c.objc; path = "NSString+AFExtension.m"; sourceTree = "<group>"; };
		E7F8C1241F8F1C1600B1E14B /* NSString+AFRegExtension.h */ = {isa = PBXFileReference; fileEncoding = 4; lastKnownFileType = sourcecode.c.h; path = "NSString+AFRegExtension.h"; sourceTree = "<group>"; };
		E7F8C1251F8F1C1600B1E14B /* NSString+AFRegExtension.m */ = {isa = PBXFileReference; fileEncoding = 4; lastKnownFileType = sourcecode.c.objc; path = "NSString+AFRegExtension.m"; sourceTree = "<group>"; };
		E7F8C1261F8F1C1600B1E14B /* NSString+AFTimeExtension.h */ = {isa = PBXFileReference; fileEncoding = 4; lastKnownFileType = sourcecode.c.h; path = "NSString+AFTimeExtension.h"; sourceTree = "<group>"; };
		E7F8C1271F8F1C1600B1E14B /* NSString+AFTimeExtension.m */ = {isa = PBXFileReference; fileEncoding = 4; lastKnownFileType = sourcecode.c.objc; path = "NSString+AFTimeExtension.m"; sourceTree = "<group>"; };
		E7F8C1281F8F1C1600B1E14B /* NSString+AFWebExtension.h */ = {isa = PBXFileReference; fileEncoding = 4; lastKnownFileType = sourcecode.c.h; path = "NSString+AFWebExtension.h"; sourceTree = "<group>"; };
		E7F8C1291F8F1C1600B1E14B /* NSString+AFWebExtension.m */ = {isa = PBXFileReference; fileEncoding = 4; lastKnownFileType = sourcecode.c.objc; path = "NSString+AFWebExtension.m"; sourceTree = "<group>"; };
		E7F8C12C1F8F1C1600B1E14B /* UIButton+AFExtension.h */ = {isa = PBXFileReference; fileEncoding = 4; lastKnownFileType = sourcecode.c.h; path = "UIButton+AFExtension.h"; sourceTree = "<group>"; };
		E7F8C12D1F8F1C1600B1E14B /* UIButton+AFExtension.m */ = {isa = PBXFileReference; fileEncoding = 4; lastKnownFileType = sourcecode.c.objc; path = "UIButton+AFExtension.m"; sourceTree = "<group>"; };
		E7F8C12E1F8F1C1600B1E14B /* UIButton+ExpandHitArea.h */ = {isa = PBXFileReference; fileEncoding = 4; lastKnownFileType = sourcecode.c.h; path = "UIButton+ExpandHitArea.h"; sourceTree = "<group>"; };
		E7F8C12F1F8F1C1600B1E14B /* UIButton+ExpandHitArea.m */ = {isa = PBXFileReference; fileEncoding = 4; lastKnownFileType = sourcecode.c.objc; path = "UIButton+ExpandHitArea.m"; sourceTree = "<group>"; };
		E7F8C1311F8F1C1600B1E14B /* UIImage+AFExtension.h */ = {isa = PBXFileReference; fileEncoding = 4; lastKnownFileType = sourcecode.c.h; path = "UIImage+AFExtension.h"; sourceTree = "<group>"; };
		E7F8C1321F8F1C1600B1E14B /* UIImage+AFExtension.m */ = {isa = PBXFileReference; fileEncoding = 4; lastKnownFileType = sourcecode.c.objc; path = "UIImage+AFExtension.m"; sourceTree = "<group>"; };
		E7F8C1331F8F1C1600B1E14B /* UIImageView+AFExtension.h */ = {isa = PBXFileReference; fileEncoding = 4; lastKnownFileType = sourcecode.c.h; path = "UIImageView+AFExtension.h"; sourceTree = "<group>"; };
		E7F8C1341F8F1C1600B1E14B /* UIImageView+AFExtension.m */ = {isa = PBXFileReference; fileEncoding = 4; lastKnownFileType = sourcecode.c.objc; path = "UIImageView+AFExtension.m"; sourceTree = "<group>"; };
		E7F8C1361F8F1C1600B1E14B /* AFRefreshlHeader.h */ = {isa = PBXFileReference; fileEncoding = 4; lastKnownFileType = sourcecode.c.h; path = AFRefreshlHeader.h; sourceTree = "<group>"; };
		E7F8C1371F8F1C1600B1E14B /* AFRefreshlHeader.m */ = {isa = PBXFileReference; fileEncoding = 4; lastKnownFileType = sourcecode.c.objc; path = AFRefreshlHeader.m; sourceTree = "<group>"; };
		E7F8C1381F8F1C1600B1E14B /* UIScrollView+AFExtension.h */ = {isa = PBXFileReference; fileEncoding = 4; lastKnownFileType = sourcecode.c.h; path = "UIScrollView+AFExtension.h"; sourceTree = "<group>"; };
		E7F8C1391F8F1C1600B1E14B /* UIScrollView+AFExtension.m */ = {isa = PBXFileReference; fileEncoding = 4; lastKnownFileType = sourcecode.c.objc; path = "UIScrollView+AFExtension.m"; sourceTree = "<group>"; };
		E7F8C13A1F8F1C1600B1E14B /* UIScrollView+AFRefresh.h */ = {isa = PBXFileReference; fileEncoding = 4; lastKnownFileType = sourcecode.c.h; path = "UIScrollView+AFRefresh.h"; sourceTree = "<group>"; };
		E7F8C13B1F8F1C1600B1E14B /* UIScrollView+AFRefresh.m */ = {isa = PBXFileReference; fileEncoding = 4; lastKnownFileType = sourcecode.c.objc; path = "UIScrollView+AFRefresh.m"; sourceTree = "<group>"; };
		E7F8C13D1F8F1C1600B1E14B /* UITableView+AFExtension.h */ = {isa = PBXFileReference; fileEncoding = 4; lastKnownFileType = sourcecode.c.h; path = "UITableView+AFExtension.h"; sourceTree = "<group>"; };
		E7F8C13E1F8F1C1600B1E14B /* UITableView+AFExtension.m */ = {isa = PBXFileReference; fileEncoding = 4; lastKnownFileType = sourcecode.c.objc; path = "UITableView+AFExtension.m"; sourceTree = "<group>"; };
		E7F8C13F1F8F1C1600B1E14B /* UITableViewCell+AFExtension.h */ = {isa = PBXFileReference; fileEncoding = 4; lastKnownFileType = sourcecode.c.h; path = "UITableViewCell+AFExtension.h"; sourceTree = "<group>"; };
		E7F8C1401F8F1C1600B1E14B /* UITableViewCell+AFExtension.m */ = {isa = PBXFileReference; fileEncoding = 4; lastKnownFileType = sourcecode.c.objc; path = "UITableViewCell+AFExtension.m"; sourceTree = "<group>"; };
		E7F8C1411F8F1C1600B1E14B /* UIApplication+AFExtension.h */ = {isa = PBXFileReference; fileEncoding = 4; lastKnownFileType = sourcecode.c.h; path = "UIApplication+AFExtension.h"; sourceTree = "<group>"; };
		E7F8C1421F8F1C1600B1E14B /* UIApplication+AFExtension.m */ = {isa = PBXFileReference; fileEncoding = 4; lastKnownFileType = sourcecode.c.objc; path = "UIApplication+AFExtension.m"; sourceTree = "<group>"; };
		E7F8C1431F8F1C1600B1E14B /* UILabel+AFExtension.h */ = {isa = PBXFileReference; fileEncoding = 4; lastKnownFileType = sourcecode.c.h; path = "UILabel+AFExtension.h"; sourceTree = "<group>"; };
		E7F8C1441F8F1C1600B1E14B /* UILabel+AFExtension.m */ = {isa = PBXFileReference; fileEncoding = 4; lastKnownFileType = sourcecode.c.objc; path = "UILabel+AFExtension.m"; sourceTree = "<group>"; };
		E7F8C1451F8F1C1600B1E14B /* UITextField+AFExtension.h */ = {isa = PBXFileReference; fileEncoding = 4; lastKnownFileType = sourcecode.c.h; path = "UITextField+AFExtension.h"; sourceTree = "<group>"; };
		E7F8C1461F8F1C1600B1E14B /* UITextField+AFExtension.m */ = {isa = PBXFileReference; fileEncoding = 4; lastKnownFileType = sourcecode.c.objc; path = "UITextField+AFExtension.m"; sourceTree = "<group>"; };
		E7F8C1471F8F1C1600B1E14B /* UITextView+AFExtension.h */ = {isa = PBXFileReference; fileEncoding = 4; lastKnownFileType = sourcecode.c.h; path = "UITextView+AFExtension.h"; sourceTree = "<group>"; };
		E7F8C1481F8F1C1600B1E14B /* UITextView+AFExtension.m */ = {isa = PBXFileReference; fileEncoding = 4; lastKnownFileType = sourcecode.c.objc; path = "UITextView+AFExtension.m"; sourceTree = "<group>"; };
		E7F8C14A1F8F1C1600B1E14B /* UIView+AFBorder.h */ = {isa = PBXFileReference; fileEncoding = 4; lastKnownFileType = sourcecode.c.h; path = "UIView+AFBorder.h"; sourceTree = "<group>"; };
		E7F8C14B1F8F1C1600B1E14B /* UIView+AFBorder.m */ = {isa = PBXFileReference; fileEncoding = 4; lastKnownFileType = sourcecode.c.objc; path = "UIView+AFBorder.m"; sourceTree = "<group>"; };
		E7F8C14C1F8F1C1600B1E14B /* UIView+AFExtension.h */ = {isa = PBXFileReference; fileEncoding = 4; lastKnownFileType = sourcecode.c.h; path = "UIView+AFExtension.h"; sourceTree = "<group>"; };
		E7F8C14D1F8F1C1600B1E14B /* UIView+AFExtension.m */ = {isa = PBXFileReference; fileEncoding = 4; lastKnownFileType = sourcecode.c.objc; path = "UIView+AFExtension.m"; sourceTree = "<group>"; };
		E7F8C14E1F8F1C1600B1E14B /* UIView+AFSubView.h */ = {isa = PBXFileReference; fileEncoding = 4; lastKnownFileType = sourcecode.c.h; path = "UIView+AFSubView.h"; sourceTree = "<group>"; };
		E7F8C14F1F8F1C1600B1E14B /* UIView+AFSubView.m */ = {isa = PBXFileReference; fileEncoding = 4; lastKnownFileType = sourcecode.c.objc; path = "UIView+AFSubView.m"; sourceTree = "<group>"; };
		E7F8C1511F8F1C1600B1E14B /* UIActivityViewController+AFExtension.h */ = {isa = PBXFileReference; fileEncoding = 4; lastKnownFileType = sourcecode.c.h; path = "UIActivityViewController+AFExtension.h"; sourceTree = "<group>"; };
		E7F8C1521F8F1C1600B1E14B /* UIActivityViewController+AFExtension.m */ = {isa = PBXFileReference; fileEncoding = 4; lastKnownFileType = sourcecode.c.objc; path = "UIActivityViewController+AFExtension.m"; sourceTree = "<group>"; };
		E7F8C1531F8F1C1600B1E14B /* UIAlertController+AFExtension.h */ = {isa = PBXFileReference; fileEncoding = 4; lastKnownFileType = sourcecode.c.h; path = "UIAlertController+AFExtension.h"; sourceTree = "<group>"; };
		E7F8C1541F8F1C1600B1E14B /* UIAlertController+AFExtension.m */ = {isa = PBXFileReference; fileEncoding = 4; lastKnownFileType = sourcecode.c.objc; path = "UIAlertController+AFExtension.m"; sourceTree = "<group>"; };
		E7F8C1551F8F1C1600B1E14B /* UIAlertController+Window.h */ = {isa = PBXFileReference; fileEncoding = 4; lastKnownFileType = sourcecode.c.h; path = "UIAlertController+Window.h"; sourceTree = "<group>"; };
		E7F8C1561F8F1C1600B1E14B /* UIAlertController+Window.m */ = {isa = PBXFileReference; fileEncoding = 4; lastKnownFileType = sourcecode.c.objc; path = "UIAlertController+Window.m"; sourceTree = "<group>"; };
		E7F8C1571F8F1C1600B1E14B /* UIBarButtonItem+AFExtension.h */ = {isa = PBXFileReference; fileEncoding = 4; lastKnownFileType = sourcecode.c.h; path = "UIBarButtonItem+AFExtension.h"; sourceTree = "<group>"; };
		E7F8C1581F8F1C1600B1E14B /* UIBarButtonItem+AFExtension.m */ = {isa = PBXFileReference; fileEncoding = 4; lastKnownFileType = sourcecode.c.objc; path = "UIBarButtonItem+AFExtension.m"; sourceTree = "<group>"; };
		E7F8C1591F8F1C1600B1E14B /* UINavigationController+AFExtension.h */ = {isa = PBXFileReference; fileEncoding = 4; lastKnownFileType = sourcecode.c.h; path = "UINavigationController+AFExtension.h"; sourceTree = "<group>"; };
		E7F8C15A1F8F1C1600B1E14B /* UINavigationController+AFExtension.m */ = {isa = PBXFileReference; fileEncoding = 4; lastKnownFileType = sourcecode.c.objc; path = "UINavigationController+AFExtension.m"; sourceTree = "<group>"; };
		E7F8C15B1F8F1C1600B1E14B /* UITabBarController+AFExtension.h */ = {isa = PBXFileReference; fileEncoding = 4; lastKnownFileType = sourcecode.c.h; path = "UITabBarController+AFExtension.h"; sourceTree = "<group>"; };
		E7F8C15C1F8F1C1600B1E14B /* UITabBarController+AFExtension.m */ = {isa = PBXFileReference; fileEncoding = 4; lastKnownFileType = sourcecode.c.objc; path = "UITabBarController+AFExtension.m"; sourceTree = "<group>"; };
		E7F8C15D1F8F1C1600B1E14B /* UIViewController+AFExtension.h */ = {isa = PBXFileReference; fileEncoding = 4; lastKnownFileType = sourcecode.c.h; path = "UIViewController+AFExtension.h"; sourceTree = "<group>"; };
		E7F8C15E1F8F1C1600B1E14B /* UIViewController+AFExtension.m */ = {isa = PBXFileReference; fileEncoding = 4; lastKnownFileType = sourcecode.c.objc; path = "UIViewController+AFExtension.m"; sourceTree = "<group>"; };
		E7F8C1611F8F1C1600B1E14B /* APNHelper.h */ = {isa = PBXFileReference; fileEncoding = 4; lastKnownFileType = sourcecode.c.h; path = APNHelper.h; sourceTree = "<group>"; };
		E7F8C1621F8F1C1600B1E14B /* APNHelper.m */ = {isa = PBXFileReference; fileEncoding = 4; lastKnownFileType = sourcecode.c.objc; path = APNHelper.m; sourceTree = "<group>"; };
		E7F8C1631F8F1C1600B1E14B /* APNModel.h */ = {isa = PBXFileReference; fileEncoding = 4; lastKnownFileType = sourcecode.c.h; path = APNModel.h; sourceTree = "<group>"; };
		E7F8C1641F8F1C1600B1E14B /* APNModel.m */ = {isa = PBXFileReference; fileEncoding = 4; lastKnownFileType = sourcecode.c.objc; path = APNModel.m; sourceTree = "<group>"; };
		E7F8C1661F8F1C1600B1E14B /* AFAppVersonHelper.h */ = {isa = PBXFileReference; fileEncoding = 4; lastKnownFileType = sourcecode.c.h; path = AFAppVersonHelper.h; sourceTree = "<group>"; };
		E7F8C1671F8F1C1600B1E14B /* AFAppVersonHelper.m */ = {isa = PBXFileReference; fileEncoding = 4; lastKnownFileType = sourcecode.c.objc; path = AFAppVersonHelper.m; sourceTree = "<group>"; };
		E7F8C1691F8F1C1600B1E14B /* AFCountryCell.h */ = {isa = PBXFileReference; fileEncoding = 4; lastKnownFileType = sourcecode.c.h; path = AFCountryCell.h; sourceTree = "<group>"; };
		E7F8C16A1F8F1C1600B1E14B /* AFCountryCell.m */ = {isa = PBXFileReference; fileEncoding = 4; lastKnownFileType = sourcecode.c.objc; path = AFCountryCell.m; sourceTree = "<group>"; };
		E7F8C16B1F8F1C1600B1E14B /* AFCountryPickerViewController.h */ = {isa = PBXFileReference; fileEncoding = 4; lastKnownFileType = sourcecode.c.h; path = AFCountryPickerViewController.h; sourceTree = "<group>"; };
		E7F8C16C1F8F1C1600B1E14B /* AFCountryPickerViewController.m */ = {isa = PBXFileReference; fileEncoding = 4; lastKnownFileType = sourcecode.c.objc; path = AFCountryPickerViewController.m; sourceTree = "<group>"; };
		E7F8C16E1F8F1C1600B1E14B /* countries.json */ = {isa = PBXFileReference; fileEncoding = 4; lastKnownFileType = text.json; path = countries.json; sourceTree = "<group>"; };
		E7F8C16F1F8F1C1600B1E14B /* CountryCodePicker.h */ = {isa = PBXFileReference; fileEncoding = 4; lastKnownFileType = sourcecode.c.h; path = CountryCodePicker.h; sourceTree = "<group>"; };
		E7F8C1701F8F1C1600B1E14B /* CountryCodePicker.m */ = {isa = PBXFileReference; fileEncoding = 4; lastKnownFileType = sourcecode.c.objc; path = CountryCodePicker.m; sourceTree = "<group>"; };
		E7F8C1711F8F1C1600B1E14B /* CountryModel.h */ = {isa = PBXFileReference; fileEncoding = 4; lastKnownFileType = sourcecode.c.h; path = CountryModel.h; sourceTree = "<group>"; };
		E7F8C1721F8F1C1600B1E14B /* CountryModel.m */ = {isa = PBXFileReference; fileEncoding = 4; lastKnownFileType = sourcecode.c.objc; path = CountryModel.m; sourceTree = "<group>"; };
		E7F8C1761F8F1C1600B1E14B /* FBSSOHelper.h */ = {isa = PBXFileReference; fileEncoding = 4; lastKnownFileType = sourcecode.c.h; path = FBSSOHelper.h; sourceTree = "<group>"; };
		E7F8C1771F8F1C1600B1E14B /* FBSSOHelper.m */ = {isa = PBXFileReference; fileEncoding = 4; lastKnownFileType = sourcecode.c.objc; path = FBSSOHelper.m; sourceTree = "<group>"; };
		E7F8C17B1F8F1C1600B1E14B /* CTFeedbackCell.h */ = {isa = PBXFileReference; fileEncoding = 4; lastKnownFileType = sourcecode.c.h; path = CTFeedbackCell.h; sourceTree = "<group>"; };
		E7F8C17C1F8F1C1600B1E14B /* CTFeedbackCell.m */ = {isa = PBXFileReference; fileEncoding = 4; lastKnownFileType = sourcecode.c.objc; path = CTFeedbackCell.m; sourceTree = "<group>"; };
		E7F8C17D1F8F1C1600B1E14B /* CTFeedbackCellItem.h */ = {isa = PBXFileReference; fileEncoding = 4; lastKnownFileType = sourcecode.c.h; path = CTFeedbackCellItem.h; sourceTree = "<group>"; };
		E7F8C17E1F8F1C1600B1E14B /* CTFeedbackCellItem.m */ = {isa = PBXFileReference; fileEncoding = 4; lastKnownFileType = sourcecode.c.objc; path = CTFeedbackCellItem.m; sourceTree = "<group>"; };
		E7F8C17F1F8F1C1600B1E14B /* CTFeedbackTopicsViewController.h */ = {isa = PBXFileReference; fileEncoding = 4; lastKnownFileType = sourcecode.c.h; path = CTFeedbackTopicsViewController.h; sourceTree = "<group>"; };
		E7F8C1801F8F1C1600B1E14B /* CTFeedbackTopicsViewController.m */ = {isa = PBXFileReference; fileEncoding = 4; lastKnownFileType = sourcecode.c.objc; path = CTFeedbackTopicsViewController.m; sourceTree = "<group>"; };
		E7F8C1811F8F1C1600B1E14B /* CTFeedbackViewController.h */ = {isa = PBXFileReference; fileEncoding = 4; lastKnownFileType = sourcecode.c.h; path = CTFeedbackViewController.h; sourceTree = "<group>"; };
		E7F8C1821F8F1C1600B1E14B /* CTFeedbackViewController.m */ = {isa = PBXFileReference; fileEncoding = 4; lastKnownFileType = sourcecode.c.objc; path = CTFeedbackViewController.m; sourceTree = "<group>"; };
		E7F8C1831F8F1C1600B1E14B /* NSBundle+CTFeedback.h */ = {isa = PBXFileReference; fileEncoding = 4; lastKnownFileType = sourcecode.c.h; path = "NSBundle+CTFeedback.h"; sourceTree = "<group>"; };
		E7F8C1841F8F1C1600B1E14B /* NSBundle+CTFeedback.m */ = {isa = PBXFileReference; fileEncoding = 4; lastKnownFileType = sourcecode.c.objc; path = "NSBundle+CTFeedback.m"; sourceTree = "<group>"; };
		E7F8C1951F8F1C1600B1E14B /* FeedbackHelper.h */ = {isa = PBXFileReference; fileEncoding = 4; lastKnownFileType = sourcecode.c.h; path = FeedbackHelper.h; sourceTree = "<group>"; };
		E7F8C1961F8F1C1600B1E14B /* FeedbackHelper.m */ = {isa = PBXFileReference; fileEncoding = 4; lastKnownFileType = sourcecode.c.objc; path = FeedbackHelper.m; sourceTree = "<group>"; };
		E7F8C1981F8F1C1600B1E14B /* HTMLParser.h */ = {isa = PBXFileReference; fileEncoding = 4; lastKnownFileType = sourcecode.c.h; path = HTMLParser.h; sourceTree = "<group>"; };
		E7F8C1991F8F1C1600B1E14B /* HTMLParser.m */ = {isa = PBXFileReference; fileEncoding = 4; lastKnownFileType = sourcecode.c.objc; path = HTMLParser.m; sourceTree = "<group>"; };
		E7F8C19A1F8F1C1600B1E14B /* TFHpple+Tag.h */ = {isa = PBXFileReference; fileEncoding = 4; lastKnownFileType = sourcecode.c.h; path = "TFHpple+Tag.h"; sourceTree = "<group>"; };
		E7F8C19B1F8F1C1600B1E14B /* TFHpple+Tag.m */ = {isa = PBXFileReference; fileEncoding = 4; lastKnownFileType = sourcecode.c.objc; path = "TFHpple+Tag.m"; sourceTree = "<group>"; };
		E7F8C19D1F8F1C1600B1E14B /* ImagePickerHelper.h */ = {isa = PBXFileReference; fileEncoding = 4; lastKnownFileType = sourcecode.c.h; path = ImagePickerHelper.h; sourceTree = "<group>"; };
		E7F8C19E1F8F1C1600B1E14B /* ImagePickerHelper.m */ = {isa = PBXFileReference; fileEncoding = 4; lastKnownFileType = sourcecode.c.objc; path = ImagePickerHelper.m; sourceTree = "<group>"; };
		E7F8C1A01F8F1C1600B1E14B /* KeyChainWrapper.h */ = {isa = PBXFileReference; fileEncoding = 4; lastKnownFileType = sourcecode.c.h; path = KeyChainWrapper.h; sourceTree = "<group>"; };
		E7F8C1A11F8F1C1600B1E14B /* KeyChainWrapper.m */ = {isa = PBXFileReference; fileEncoding = 4; lastKnownFileType = sourcecode.c.objc; path = KeyChainWrapper.m; sourceTree = "<group>"; };
		E7F8C1A51F8F1C1600B1E14B /* RMessageHelper.h */ = {isa = PBXFileReference; fileEncoding = 4; lastKnownFileType = sourcecode.c.h; path = RMessageHelper.h; sourceTree = "<group>"; };
		E7F8C1A61F8F1C1600B1E14B /* RMessageHelper.m */ = {isa = PBXFileReference; fileEncoding = 4; lastKnownFileType = sourcecode.c.objc; path = RMessageHelper.m; sourceTree = "<group>"; };
		E7F8C1A71F8F1C1600B1E14B /* SVProgressHUDHelper.h */ = {isa = PBXFileReference; fileEncoding = 4; lastKnownFileType = sourcecode.c.h; path = SVProgressHUDHelper.h; sourceTree = "<group>"; };
		E7F8C1A81F8F1C1600B1E14B /* SVProgressHUDHelper.m */ = {isa = PBXFileReference; fileEncoding = 4; lastKnownFileType = sourcecode.c.objc; path = SVProgressHUDHelper.m; sourceTree = "<group>"; };
		E7F8C1A91F8F1C1600B1E14B /* ToastMessage.h */ = {isa = PBXFileReference; fileEncoding = 4; lastKnownFileType = sourcecode.c.h; path = ToastMessage.h; sourceTree = "<group>"; };
		E7F8C1AA1F8F1C1600B1E14B /* ToastMessage.m */ = {isa = PBXFileReference; fileEncoding = 4; lastKnownFileType = sourcecode.c.objc; path = ToastMessage.m; sourceTree = "<group>"; };
		E7F8C1AC1F8F1C1600B1E14B /* UIComponentFactory.h */ = {isa = PBXFileReference; fileEncoding = 4; lastKnownFileType = sourcecode.c.h; path = UIComponentFactory.h; sourceTree = "<group>"; };
		E7F8C1AD1F8F1C1600B1E14B /* UIComponentFactory.m */ = {isa = PBXFileReference; fileEncoding = 4; lastKnownFileType = sourcecode.c.objc; path = UIComponentFactory.m; sourceTree = "<group>"; };
		E7F8C1AF1F8F1C1600B1E14B /* ViewControllerHelper.h */ = {isa = PBXFileReference; fileEncoding = 4; lastKnownFileType = sourcecode.c.h; path = ViewControllerHelper.h; sourceTree = "<group>"; };
		E7F8C1B01F8F1C1600B1E14B /* ViewControllerHelper.m */ = {isa = PBXFileReference; fileEncoding = 4; lastKnownFileType = sourcecode.c.objc; path = ViewControllerHelper.m; sourceTree = "<group>"; };
		E7F8C1B21F8F1C1600B1E14B /* WebControllerHelper.h */ = {isa = PBXFileReference; fileEncoding = 4; lastKnownFileType = sourcecode.c.h; path = WebControllerHelper.h; sourceTree = "<group>"; };
		E7F8C1B31F8F1C1600B1E14B /* WebControllerHelper.m */ = {isa = PBXFileReference; fileEncoding = 4; lastKnownFileType = sourcecode.c.objc; path = WebControllerHelper.m; sourceTree = "<group>"; };
		E7F8C1B51F8F1C1600B1E14B /* DeviceMacros.h */ = {isa = PBXFileReference; fileEncoding = 4; lastKnownFileType = sourcecode.c.h; path = DeviceMacros.h; sourceTree = "<group>"; };
		E7F8C1B61F8F1C1600B1E14B /* KeyBoardMacros.h */ = {isa = PBXFileReference; fileEncoding = 4; lastKnownFileType = sourcecode.c.h; path = KeyBoardMacros.h; sourceTree = "<group>"; };
		E7F8C1B71F8F1C1600B1E14B /* LogMacros.h */ = {isa = PBXFileReference; fileEncoding = 4; lastKnownFileType = sourcecode.c.h; path = LogMacros.h; sourceTree = "<group>"; };
		E7F8C1B81F8F1C1600B1E14B /* NotificationMacros.h */ = {isa = PBXFileReference; fileEncoding = 4; lastKnownFileType = sourcecode.c.h; path = NotificationMacros.h; sourceTree = "<group>"; };
		E7F8C1B91F8F1C1600B1E14B /* NSUserDefualtsMacros.h */ = {isa = PBXFileReference; fileEncoding = 4; lastKnownFileType = sourcecode.c.h; path = NSUserDefualtsMacros.h; sourceTree = "<group>"; };
		E7F8C1BA1F8F1C1600B1E14B /* UsefulDefinition.h */ = {isa = PBXFileReference; fileEncoding = 4; lastKnownFileType = sourcecode.c.h; path = UsefulDefinition.h; sourceTree = "<group>"; };
		E7F8C1BD1F8F1C1600B1E14B /* AFSearchBarView.h */ = {isa = PBXFileReference; fileEncoding = 4; lastKnownFileType = sourcecode.c.h; path = AFSearchBarView.h; sourceTree = "<group>"; };
		E7F8C1BE1F8F1C1600B1E14B /* AFSearchBarView.m */ = {isa = PBXFileReference; fileEncoding = 4; lastKnownFileType = sourcecode.c.objc; path = AFSearchBarView.m; sourceTree = "<group>"; };
		E7F8C1BF1F8F1C1600B1E14B /* LibsHeader.h */ = {isa = PBXFileReference; fileEncoding = 4; lastKnownFileType = sourcecode.c.h; path = LibsHeader.h; sourceTree = "<group>"; };
		E7F8C1C11F8F1C1600B1E14B /* AppFactory.bundle */ = {isa = PBXFileReference; lastKnownFileType = "wrapper.plug-in"; path = AppFactory.bundle; sourceTree = "<group>"; };
/* End PBXFileReference section */

/* Begin PBXFrameworksBuildPhase section */
		E7905D411F7A32E4006CC6F5 /* Frameworks */ = {
			isa = PBXFrameworksBuildPhase;
			buildActionMask = 2147483647;
			files = (
				31177A34D2ACFD80D51F3D30 /* Pods_AppFactory.framework in Frameworks */,
			);
			runOnlyForDeploymentPostprocessing = 0;
		};
/* End PBXFrameworksBuildPhase section */

/* Begin PBXGroup section */
		7800747BEA74E78DC8A942B9 /* Frameworks */ = {
			isa = PBXGroup;
			children = (
				19FD220FAE9F8F2F3D9BC3DD /* Pods_AppFactory.framework */,
			);
			name = Frameworks;
			sourceTree = "<group>";
		};
		A8652C2D52CDF72843C203AD /* Pods */ = {
			isa = PBXGroup;
			children = (
				821A19A83CA18C63B2FC3144 /* Pods-AppFactory.debug.xcconfig */,
				718971DA37BB2B94F20D9133 /* Pods-AppFactory.release.xcconfig */,
			);
			name = Pods;
			sourceTree = "<group>";
		};
		E741BEF01F9ED46800FE41C4 /* Button */ = {
			isa = PBXGroup;
			children = (
				E741BEF41F9ED49500FE41C4 /* AFGhostButton.h */,
				E741BEF51F9ED49500FE41C4 /* AFGhostButton.m */,
				E741BEF71F9EDA5600FE41C4 /* AFRadioButton.h */,
				E741BEF81F9EDA5600FE41C4 /* AFRadioButton.m */,
				E7F4A97B1FA9A5CD00AE7B27 /* AFButtonsView.h */,
				E7F4A97C1FA9A5CD00AE7B27 /* AFButtonsView.m */,
			);
			path = Button;
			sourceTree = "<group>";
		};
		E78E5FF21FA07A6D00EA022E /* LightBox */ = {
			isa = PBXGroup;
			children = (
				E78E5FF31FA07A6D00EA022E /* LightBoxData.h */,
				E78E5FF41FA07A6D00EA022E /* LightBoxData.m */,
				E78E5FFB1FA07A6D00EA022E /* LightBoxWrapper.h */,
				E78E5FFC1FA07A6D00EA022E /* LightBoxWrapper.m */,
			);
			path = LightBox;
			sourceTree = "<group>";
		};
		E78E60021FA08CAD00EA022E /* SegCtrl */ = {
			isa = PBXGroup;
			children = (
				E78E60031FA08CAD00EA022E /* ScrollableSegmentedControl.h */,
				E78E60041FA08CAD00EA022E /* ScrollableSegmentedControl.m */,
			);
			path = SegCtrl;
			sourceTree = "<group>";
		};
		E78E60061FA08F6600EA022E /* NotificationCount */ = {
			isa = PBXGroup;
			children = (
				E78E60071FA08F6600EA022E /* NotificationNumberView.h */,
				E78E60081FA08F6600EA022E /* NotificationNumberView.m */,
			);
			path = NotificationCount;
			sourceTree = "<group>";
		};
		E7905D3B1F7A32E4006CC6F5 = {
			isa = PBXGroup;
			children = (
				E7905D461F7A32E4006CC6F5 /* AppFactory */,
				E7AD2E311F8DA8EA00F8E58A /* bundle */,
				E7905D451F7A32E4006CC6F5 /* Products */,
				A8652C2D52CDF72843C203AD /* Pods */,
				7800747BEA74E78DC8A942B9 /* Frameworks */,
			);
			sourceTree = "<group>";
		};
		E7905D451F7A32E4006CC6F5 /* Products */ = {
			isa = PBXGroup;
			children = (
				E7905D441F7A32E4006CC6F5 /* AppFactory.app */,
			);
			name = Products;
			sourceTree = "<group>";
		};
		E7905D461F7A32E4006CC6F5 /* AppFactory */ = {
			isa = PBXGroup;
			children = (
				E7F8C0F01F8F1C1600B1E14B /* Core */,
				E7905D471F7A32E4006CC6F5 /* AppDelegate.h */,
				E7905D481F7A32E4006CC6F5 /* AppDelegate.m */,
				E7905D4A1F7A32E4006CC6F5 /* ViewController.h */,
				E7905D4B1F7A32E4006CC6F5 /* ViewController.m */,
				E7905D501F7A32E4006CC6F5 /* Assets.xcassets */,
				E7905D551F7A32E4006CC6F5 /* Info.plist */,
				E7905D561F7A32E4006CC6F5 /* main.m */,
				E7905D631F7A5ACB006CC6F5 /* AppFactory-Prefix.pch */,
				E7905D5D1F7A350A006CC6F5 /* Launch Screen.storyboard */,
			);
			path = AppFactory;
			sourceTree = "<group>";
		};
		E7AD2E311F8DA8EA00F8E58A /* bundle */ = {
			isa = PBXGroup;
			children = (
				E7AD2E321F8DA8EA00F8E58A /* Info.plist */,
			);
			path = bundle;
			sourceTree = "<group>";
		};
		E7F4A9A11FAC058600AE7B27 /* NaviBar */ = {
			isa = PBXGroup;
			children = (
				E7F4A9A21FAC05A200AE7B27 /* AFNaviBar.h */,
				E7F4A9A31FAC05A200AE7B27 /* AFNaviBar.m */,
			);
			path = NaviBar;
			sourceTree = "<group>";
		};
		E7F8C0F01F8F1C1600B1E14B /* Core */ = {
			isa = PBXGroup;
			children = (
				E7F8C1BF1F8F1C1600B1E14B /* LibsHeader.h */,
				E7F8C0F11F8F1C1600B1E14B /* AppFactory.h */,
				E7F8C0F21F8F1C1600B1E14B /* AppFactory.m */,
				E7F8C0F31F8F1C1600B1E14B /* Class */,
				E7F8C1C01F8F1C1600B1E14B /* Resource */,
			);
			path = Core;
			sourceTree = "<group>";
		};
		E7F8C0F31F8F1C1600B1E14B /* Class */ = {
			isa = PBXGroup;
			children = (
				E7F8C0F41F8F1C1600B1E14B /* API */,
				E7F8C0FD1F8F1C1600B1E14B /* Base */,
				E7F8C10B1F8F1C1600B1E14B /* Extension */,
				E7F8C15F1F8F1C1600B1E14B /* Helper */,
				E7F8C1B41F8F1C1600B1E14B /* Macro */,
				E7F8C1BB1F8F1C1600B1E14B /* Views */,
			);
			path = Class;
			sourceTree = "<group>";
		};
		E7F8C0F41F8F1C1600B1E14B /* API */ = {
			isa = PBXGroup;
			children = (
				E7F8C0F51F8F1C1600B1E14B /* AFApiResponse.h */,
				E7F8C0F61F8F1C1600B1E14B /* AFApiResponse.m */,
				E7F8C0F71F8F1C1600B1E14B /* AFApiTaskError.h */,
				E7F8C0F81F8F1C1600B1E14B /* AFApiTaskError.m */,
				E7F8C0F91F8F1C1600B1E14B /* AFHTTPSessionManager+AFExtension.h */,
				E7F8C0FA1F8F1C1600B1E14B /* AFHTTPSessionManager+AFExtension.m */,
				E7F8C0FB1F8F1C1600B1E14B /* APICategories.h */,
				E7F8C0FC1F8F1C1600B1E14B /* APICategories.m */,
			);
			path = API;
			sourceTree = "<group>";
		};
		E7F8C0FD1F8F1C1600B1E14B /* Base */ = {
			isa = PBXGroup;
			children = (
				E7F8C0FE1F8F1C1600B1E14B /* AFBaseNavigationController.h */,
				E7F8C0FF1F8F1C1600B1E14B /* AFBaseNavigationController.m */,
				E7F8C1001F8F1C1600B1E14B /* AFBaseTableViewController.h */,
				E7F8C1011F8F1C1600B1E14B /* AFBaseTableViewController.m */,
				E7F8C1021F8F1C1600B1E14B /* AFBaseViewController.h */,
				E7F8C1031F8F1C1600B1E14B /* AFBaseViewController.m */,
				E7F8C1041F8F1C1600B1E14B /* TableView */,
			);
			path = Base;
			sourceTree = "<group>";
		};
		E7F8C1041F8F1C1600B1E14B /* TableView */ = {
			isa = PBXGroup;
			children = (
				E7F8C1051F8F1C1600B1E14B /* AFBaseTableCell.h */,
				E7F8C1061F8F1C1600B1E14B /* AFBaseTableCell.m */,
				E7F8C1071F8F1C1600B1E14B /* AFBaseTableView.h */,
				E7F8C1081F8F1C1600B1E14B /* AFBaseTableView.m */,
				E7F8C1091F8F1C1600B1E14B /* AFTableEmptyCaseView.h */,
				E7F8C10A1F8F1C1600B1E14B /* AFTableEmptyCaseView.m */,
			);
			path = TableView;
			sourceTree = "<group>";
		};
		E7F8C10B1F8F1C1600B1E14B /* Extension */ = {
			isa = PBXGroup;
			children = (
				E7F8C10C1F8F1C1600B1E14B /* Library */,
				E7F8C10F1F8F1C1600B1E14B /* Object */,
				E7F8C12A1F8F1C1600B1E14B /* UI */,
			);
			path = Extension;
			sourceTree = "<group>";
		};
		E7F8C10C1F8F1C1600B1E14B /* Library */ = {
			isa = PBXGroup;
			children = (
				E7F8C10D1F8F1C1600B1E14B /* IDMPhotoBrowser+AFExtension.h */,
				E7F8C10E1F8F1C1600B1E14B /* IDMPhotoBrowser+AFExtension.m */,
				E722EB581F960F890027CC05 /* AnyPromise+AFExtension.h */,
				E722EB591F960F890027CC05 /* AnyPromise+AFExtension.m */,
				E722EB6E1F9C7ECD0027CC05 /* TTTAttributedLabel+AFExtension.h */,
				E722EB6F1F9C7ECD0027CC05 /* TTTAttributedLabel+AFExtension.m */,
				E74174541FA03D6B009456FD /* RACSubject+AFThrottle.h */,
				E74174551FA03D6B009456FD /* RACSubject+AFThrottle.m */,
			);
			path = Library;
			sourceTree = "<group>";
		};
		E7F8C10F1F8F1C1600B1E14B /* Object */ = {
			isa = PBXGroup;
			children = (
				E7F8C1101F8F1C1600B1E14B /* Container */,
				E7F8C1191F8F1C1600B1E14B /* NSDate+AFExtension.h */,
				E7F8C11A1F8F1C1600B1E14B /* NSDate+AFExtension.m */,
				E7F8C11B1F8F1C1600B1E14B /* NSURL+AFExtension.h */,
				E7F8C11C1F8F1C1600B1E14B /* NSURL+AFExtension.m */,
				E7F8C11D1F8F1C1600B1E14B /* String */,
			);
			path = Object;
			sourceTree = "<group>";
		};
		E7F8C1101F8F1C1600B1E14B /* Container */ = {
			isa = PBXGroup;
			children = (
				E7F8C1111F8F1C1600B1E14B /* NSArray+AFExtension.h */,
				E7F8C1121F8F1C1600B1E14B /* NSArray+AFExtension.m */,
				E7F8C1131F8F1C1600B1E14B /* NSMutableArray+AFExtension.h */,
				E7F8C1141F8F1C1600B1E14B /* NSMutableArray+AFExtension.m */,
				E7F8C1151F8F1C1600B1E14B /* NSMutableDictionary+AFExtension.h */,
				E7F8C1161F8F1C1600B1E14B /* NSMutableDictionary+AFExtension.m */,
				E7F8C1171F8F1C1600B1E14B /* NSObject+AFExtension.h */,
				E7F8C1181F8F1C1600B1E14B /* NSObject+AFExtension.m */,
			);
			path = Container;
			sourceTree = "<group>";
		};
		E7F8C11D1F8F1C1600B1E14B /* String */ = {
			isa = PBXGroup;
			children = (
				E7F8C11E1F8F1C1600B1E14B /* NSAttributedString+AFExtension.h */,
				E7F8C11F1F8F1C1600B1E14B /* NSAttributedString+AFExtension.m */,
				E7F8C1201F8F1C1600B1E14B /* NSMutableAttributedString+AFExtension.h */,
				E7F8C1211F8F1C1600B1E14B /* NSMutableAttributedString+AFExtension.m */,
				E7F8C1221F8F1C1600B1E14B /* NSString+AFExtension.h */,
				E7F8C1231F8F1C1600B1E14B /* NSString+AFExtension.m */,
				E7F8C1241F8F1C1600B1E14B /* NSString+AFRegExtension.h */,
				E7F8C1251F8F1C1600B1E14B /* NSString+AFRegExtension.m */,
				E7F8C1261F8F1C1600B1E14B /* NSString+AFTimeExtension.h */,
				E7F8C1271F8F1C1600B1E14B /* NSString+AFTimeExtension.m */,
				E7F8C1281F8F1C1600B1E14B /* NSString+AFWebExtension.h */,
				E7F8C1291F8F1C1600B1E14B /* NSString+AFWebExtension.m */,
			);
			path = String;
			sourceTree = "<group>";
		};
		E7F8C12A1F8F1C1600B1E14B /* UI */ = {
			isa = PBXGroup;
			children = (
				E7F8C12B1F8F1C1600B1E14B /* Button */,
				E7F8C1301F8F1C1600B1E14B /* Image */,
				E7F8C1351F8F1C1600B1E14B /* ScrollView */,
				E7F8C13C1F8F1C1600B1E14B /* Table */,
				E7F8C1411F8F1C1600B1E14B /* UIApplication+AFExtension.h */,
				E7F8C1421F8F1C1600B1E14B /* UIApplication+AFExtension.m */,
				E7F8C1431F8F1C1600B1E14B /* UILabel+AFExtension.h */,
				E7F8C1441F8F1C1600B1E14B /* UILabel+AFExtension.m */,
				E7F8C1451F8F1C1600B1E14B /* UITextField+AFExtension.h */,
				E7F8C1461F8F1C1600B1E14B /* UITextField+AFExtension.m */,
				E7F8C1471F8F1C1600B1E14B /* UITextView+AFExtension.h */,
				E7F8C1481F8F1C1600B1E14B /* UITextView+AFExtension.m */,
				E7F8C1491F8F1C1600B1E14B /* UIView */,
				E7F8C1501F8F1C1600B1E14B /* ViewController */,
				E70E9CDB1F948E640017F881 /* UIColor+AFExtension.h */,
				E70E9CDC1F948E640017F881 /* UIColor+AFExtension.m */,
			);
			path = UI;
			sourceTree = "<group>";
		};
		E7F8C12B1F8F1C1600B1E14B /* Button */ = {
			isa = PBXGroup;
			children = (
				E7F8C12C1F8F1C1600B1E14B /* UIButton+AFExtension.h */,
				E7F8C12D1F8F1C1600B1E14B /* UIButton+AFExtension.m */,
				E7F8C12E1F8F1C1600B1E14B /* UIButton+ExpandHitArea.h */,
				E7F8C12F1F8F1C1600B1E14B /* UIButton+ExpandHitArea.m */,
			);
			path = Button;
			sourceTree = "<group>";
		};
		E7F8C1301F8F1C1600B1E14B /* Image */ = {
			isa = PBXGroup;
			children = (
				E7F8C1311F8F1C1600B1E14B /* UIImage+AFExtension.h */,
				E7F8C1321F8F1C1600B1E14B /* UIImage+AFExtension.m */,
				E7F8C1331F8F1C1600B1E14B /* UIImageView+AFExtension.h */,
				E7F8C1341F8F1C1600B1E14B /* UIImageView+AFExtension.m */,
			);
			path = Image;
			sourceTree = "<group>";
		};
		E7F8C1351F8F1C1600B1E14B /* ScrollView */ = {
			isa = PBXGroup;
			children = (
				E7F8C1361F8F1C1600B1E14B /* AFRefreshlHeader.h */,
				E7F8C1371F8F1C1600B1E14B /* AFRefreshlHeader.m */,
				E7F8C1381F8F1C1600B1E14B /* UIScrollView+AFExtension.h */,
				E7F8C1391F8F1C1600B1E14B /* UIScrollView+AFExtension.m */,
				E7F8C13A1F8F1C1600B1E14B /* UIScrollView+AFRefresh.h */,
				E7F8C13B1F8F1C1600B1E14B /* UIScrollView+AFRefresh.m */,
			);
			path = ScrollView;
			sourceTree = "<group>";
		};
		E7F8C13C1F8F1C1600B1E14B /* Table */ = {
			isa = PBXGroup;
			children = (
				E7F8C13D1F8F1C1600B1E14B /* UITableView+AFExtension.h */,
				E7F8C13E1F8F1C1600B1E14B /* UITableView+AFExtension.m */,
				E7F8C13F1F8F1C1600B1E14B /* UITableViewCell+AFExtension.h */,
				E7F8C1401F8F1C1600B1E14B /* UITableViewCell+AFExtension.m */,
			);
			path = Table;
			sourceTree = "<group>";
		};
		E7F8C1491F8F1C1600B1E14B /* UIView */ = {
			isa = PBXGroup;
			children = (
				E7F8C14A1F8F1C1600B1E14B /* UIView+AFBorder.h */,
				E7F8C14B1F8F1C1600B1E14B /* UIView+AFBorder.m */,
				E7F8C14C1F8F1C1600B1E14B /* UIView+AFExtension.h */,
				E7F8C14D1F8F1C1600B1E14B /* UIView+AFExtension.m */,
				E7F8C14E1F8F1C1600B1E14B /* UIView+AFSubView.h */,
				E7F8C14F1F8F1C1600B1E14B /* UIView+AFSubView.m */,
			);
			path = UIView;
			sourceTree = "<group>";
		};
		E7F8C1501F8F1C1600B1E14B /* ViewController */ = {
			isa = PBXGroup;
			children = (
				E7F8C1511F8F1C1600B1E14B /* UIActivityViewController+AFExtension.h */,
				E7F8C1521F8F1C1600B1E14B /* UIActivityViewController+AFExtension.m */,
				E7F8C1531F8F1C1600B1E14B /* UIAlertController+AFExtension.h */,
				E7F8C1541F8F1C1600B1E14B /* UIAlertController+AFExtension.m */,
				E7F8C1551F8F1C1600B1E14B /* UIAlertController+Window.h */,
				E7F8C1561F8F1C1600B1E14B /* UIAlertController+Window.m */,
				E7F8C1571F8F1C1600B1E14B /* UIBarButtonItem+AFExtension.h */,
				E7F8C1581F8F1C1600B1E14B /* UIBarButtonItem+AFExtension.m */,
				E7F8C1591F8F1C1600B1E14B /* UINavigationController+AFExtension.h */,
				E7F8C15A1F8F1C1600B1E14B /* UINavigationController+AFExtension.m */,
				E7F8C15B1F8F1C1600B1E14B /* UITabBarController+AFExtension.h */,
				E7F8C15C1F8F1C1600B1E14B /* UITabBarController+AFExtension.m */,
				E7F8C15D1F8F1C1600B1E14B /* UIViewController+AFExtension.h */,
				E7F8C15E1F8F1C1600B1E14B /* UIViewController+AFExtension.m */,
			);
			path = ViewController;
			sourceTree = "<group>";
		};
		E7F8C15F1F8F1C1600B1E14B /* Helper */ = {
			isa = PBXGroup;
			children = (
				E7F8C1601F8F1C1600B1E14B /* APN */,
				E7F8C1651F8F1C1600B1E14B /* AppVersion */,
				E7F8C1681F8F1C1600B1E14B /* CountryPicker */,
				E7F8C1731F8F1C1600B1E14B /* Facebook */,
				E7F8C1781F8F1C1600B1E14B /* Feedback */,
				E7F8C1971F8F1C1600B1E14B /* HTMLParser */,
				E7F8C19C1F8F1C1600B1E14B /* ImagePicker */,
				E7F8C19F1F8F1C1600B1E14B /* keyChain */,
				E7F8C1A21F8F1C1600B1E14B /* Toast */,
				E7F8C1AB1F8F1C1600B1E14B /* UIFactory */,
				E7F8C1AE1F8F1C1600B1E14B /* ViewController */,
				E7F8C1B11F8F1C1600B1E14B /* WebView */,
			);
			path = Helper;
			sourceTree = "<group>";
		};
		E7F8C1601F8F1C1600B1E14B /* APN */ = {
			isa = PBXGroup;
			children = (
				E7F8C1611F8F1C1600B1E14B /* APNHelper.h */,
				E7F8C1621F8F1C1600B1E14B /* APNHelper.m */,
				E7F8C1631F8F1C1600B1E14B /* APNModel.h */,
				E7F8C1641F8F1C1600B1E14B /* APNModel.m */,
			);
			path = APN;
			sourceTree = "<group>";
		};
		E7F8C1651F8F1C1600B1E14B /* AppVersion */ = {
			isa = PBXGroup;
			children = (
				E7F8C1661F8F1C1600B1E14B /* AFAppVersonHelper.h */,
				E7F8C1671F8F1C1600B1E14B /* AFAppVersonHelper.m */,
			);
			path = AppVersion;
			sourceTree = "<group>";
		};
		E7F8C1681F8F1C1600B1E14B /* CountryPicker */ = {
			isa = PBXGroup;
			children = (
				E7F8C1691F8F1C1600B1E14B /* AFCountryCell.h */,
				E7F8C16A1F8F1C1600B1E14B /* AFCountryCell.m */,
				E7F8C16B1F8F1C1600B1E14B /* AFCountryPickerViewController.h */,
				E7F8C16C1F8F1C1600B1E14B /* AFCountryPickerViewController.m */,
				E7F8C16D1F8F1C1600B1E14B /* CountryCodePicker */,
			);
			path = CountryPicker;
			sourceTree = "<group>";
		};
		E7F8C16D1F8F1C1600B1E14B /* CountryCodePicker */ = {
			isa = PBXGroup;
			children = (
				E7F8C16E1F8F1C1600B1E14B /* countries.json */,
				E7F8C16F1F8F1C1600B1E14B /* CountryCodePicker.h */,
				E7F8C1701F8F1C1600B1E14B /* CountryCodePicker.m */,
				E7F8C1711F8F1C1600B1E14B /* CountryModel.h */,
				E7F8C1721F8F1C1600B1E14B /* CountryModel.m */,
			);
			path = CountryCodePicker;
			sourceTree = "<group>";
		};
		E7F8C1731F8F1C1600B1E14B /* Facebook */ = {
			isa = PBXGroup;
			children = (
				E7F8C1761F8F1C1600B1E14B /* FBSSOHelper.h */,
				E7F8C1771F8F1C1600B1E14B /* FBSSOHelper.m */,
				E722EB641F98867F0027CC05 /* FBSSOResult.h */,
				E722EB651F98867F0027CC05 /* FBSSOResult.m */,
			);
			path = Facebook;
			sourceTree = "<group>";
		};
		E7F8C1781F8F1C1600B1E14B /* Feedback */ = {
			isa = PBXGroup;
			children = (
				E7F8C1791F8F1C1600B1E14B /* CTFeedback-1.0.19 */,
				E7F8C1951F8F1C1600B1E14B /* FeedbackHelper.h */,
				E7F8C1961F8F1C1600B1E14B /* FeedbackHelper.m */,
			);
			path = Feedback;
			sourceTree = "<group>";
		};
		E7F8C1791F8F1C1600B1E14B /* CTFeedback-1.0.19 */ = {
			isa = PBXGroup;
			children = (
				E7F8C17A1F8F1C1600B1E14B /* Classes */,
			);
			path = "CTFeedback-1.0.19";
			sourceTree = "<group>";
		};
		E7F8C17A1F8F1C1600B1E14B /* Classes */ = {
			isa = PBXGroup;
			children = (
				E7F8C17B1F8F1C1600B1E14B /* CTFeedbackCell.h */,
				E7F8C17C1F8F1C1600B1E14B /* CTFeedbackCell.m */,
				E7F8C17D1F8F1C1600B1E14B /* CTFeedbackCellItem.h */,
				E7F8C17E1F8F1C1600B1E14B /* CTFeedbackCellItem.m */,
				E7F8C17F1F8F1C1600B1E14B /* CTFeedbackTopicsViewController.h */,
				E7F8C1801F8F1C1600B1E14B /* CTFeedbackTopicsViewController.m */,
				E7F8C1811F8F1C1600B1E14B /* CTFeedbackViewController.h */,
				E7F8C1821F8F1C1600B1E14B /* CTFeedbackViewController.m */,
				E7F8C1831F8F1C1600B1E14B /* NSBundle+CTFeedback.h */,
				E7F8C1841F8F1C1600B1E14B /* NSBundle+CTFeedback.m */,
			);
			path = Classes;
			sourceTree = "<group>";
		};
		E7F8C1971F8F1C1600B1E14B /* HTMLParser */ = {
			isa = PBXGroup;
			children = (
				E7F8C1981F8F1C1600B1E14B /* HTMLParser.h */,
				E7F8C1991F8F1C1600B1E14B /* HTMLParser.m */,
				E7F8C19A1F8F1C1600B1E14B /* TFHpple+Tag.h */,
				E7F8C19B1F8F1C1600B1E14B /* TFHpple+Tag.m */,
			);
			path = HTMLParser;
			sourceTree = "<group>";
		};
		E7F8C19C1F8F1C1600B1E14B /* ImagePicker */ = {
			isa = PBXGroup;
			children = (
				E7F8C19D1F8F1C1600B1E14B /* ImagePickerHelper.h */,
				E7F8C19E1F8F1C1600B1E14B /* ImagePickerHelper.m */,
			);
			path = ImagePicker;
			sourceTree = "<group>";
		};
		E7F8C19F1F8F1C1600B1E14B /* keyChain */ = {
			isa = PBXGroup;
			children = (
				E7F8C1A01F8F1C1600B1E14B /* KeyChainWrapper.h */,
				E7F8C1A11F8F1C1600B1E14B /* KeyChainWrapper.m */,
			);
			path = keyChain;
			sourceTree = "<group>";
		};
		E7F8C1A21F8F1C1600B1E14B /* Toast */ = {
			isa = PBXGroup;
			children = (
				E7F8C1A31F8F1C1600B1E14B /* RMessage */,
				E7F8C1A71F8F1C1600B1E14B /* SVProgressHUDHelper.h */,
				E7F8C1A81F8F1C1600B1E14B /* SVProgressHUDHelper.m */,
				E7F8C1A91F8F1C1600B1E14B /* ToastMessage.h */,
				E7F8C1AA1F8F1C1600B1E14B /* ToastMessage.m */,
			);
			path = Toast;
			sourceTree = "<group>";
		};
		E7F8C1A31F8F1C1600B1E14B /* RMessage */ = {
			isa = PBXGroup;
			children = (
				E7F8C1A51F8F1C1600B1E14B /* RMessageHelper.h */,
				E7F8C1A61F8F1C1600B1E14B /* RMessageHelper.m */,
			);
			path = RMessage;
			sourceTree = "<group>";
		};
		E7F8C1AB1F8F1C1600B1E14B /* UIFactory */ = {
			isa = PBXGroup;
			children = (
				E7F8C1AC1F8F1C1600B1E14B /* UIComponentFactory.h */,
				E7F8C1AD1F8F1C1600B1E14B /* UIComponentFactory.m */,
			);
			path = UIFactory;
			sourceTree = "<group>";
		};
		E7F8C1AE1F8F1C1600B1E14B /* ViewController */ = {
			isa = PBXGroup;
			children = (
				E7F8C1AF1F8F1C1600B1E14B /* ViewControllerHelper.h */,
				E7F8C1B01F8F1C1600B1E14B /* ViewControllerHelper.m */,
			);
			path = ViewController;
			sourceTree = "<group>";
		};
		E7F8C1B11F8F1C1600B1E14B /* WebView */ = {
			isa = PBXGroup;
			children = (
				E7F8C1B21F8F1C1600B1E14B /* WebControllerHelper.h */,
				E7F8C1B31F8F1C1600B1E14B /* WebControllerHelper.m */,
			);
			path = WebView;
			sourceTree = "<group>";
		};
		E7F8C1B41F8F1C1600B1E14B /* Macro */ = {
			isa = PBXGroup;
			children = (
				E7F8C1B51F8F1C1600B1E14B /* DeviceMacros.h */,
				E7F8C1B61F8F1C1600B1E14B /* KeyBoardMacros.h */,
				E7F8C1B71F8F1C1600B1E14B /* LogMacros.h */,
				E7F8C1B81F8F1C1600B1E14B /* NotificationMacros.h */,
				E7F8C1B91F8F1C1600B1E14B /* NSUserDefualtsMacros.h */,
				E7F8C1BA1F8F1C1600B1E14B /* UsefulDefinition.h */,
			);
			path = Macro;
			sourceTree = "<group>";
		};
		E7F8C1BB1F8F1C1600B1E14B /* Views */ = {
			isa = PBXGroup;
			children = (
				E7F4A9A11FAC058600AE7B27 /* NaviBar */,
				E78E60061FA08F6600EA022E /* NotificationCount */,
				E78E60021FA08CAD00EA022E /* SegCtrl */,
				E78E5FF21FA07A6D00EA022E /* LightBox */,
				E741BEF01F9ED46800FE41C4 /* Button */,
				E7F8C1BC1F8F1C1600B1E14B /* SearchBar */,
			);
			path = Views;
			sourceTree = "<group>";
		};
		E7F8C1BC1F8F1C1600B1E14B /* SearchBar */ = {
			isa = PBXGroup;
			children = (
				E7F8C1BD1F8F1C1600B1E14B /* AFSearchBarView.h */,
				E7F8C1BE1F8F1C1600B1E14B /* AFSearchBarView.m */,
			);
			path = SearchBar;
			sourceTree = "<group>";
		};
		E7F8C1C01F8F1C1600B1E14B /* Resource */ = {
			isa = PBXGroup;
			children = (
				E7C20AD51F906A16004B70E0 /* CTFeedback.bundle */,
				E7F8C1C11F8F1C1600B1E14B /* AppFactory.bundle */,
			);
			path = Resource;
			sourceTree = "<group>";
		};
/* End PBXGroup section */

/* Begin PBXNativeTarget section */
		E7905D431F7A32E4006CC6F5 /* AppFactory */ = {
			isa = PBXNativeTarget;
			buildConfigurationList = E7905D5A1F7A32E4006CC6F5 /* Build configuration list for PBXNativeTarget "AppFactory" */;
			buildPhases = (
				3A40999DCFB16384B8C8F7B3 /* [CP] Check Pods Manifest.lock */,
				E7905D401F7A32E4006CC6F5 /* Sources */,
				E7905D411F7A32E4006CC6F5 /* Frameworks */,
				E7905D421F7A32E4006CC6F5 /* Resources */,
				7012D74D1F327E69DB6657EF /* [CP] Embed Pods Frameworks */,
				50F8310955C0E2A029822DF9 /* [CP] Copy Pods Resources */,
			);
			buildRules = (
			);
			dependencies = (
			);
			name = AppFactory;
			productName = AppFactory;
			productReference = E7905D441F7A32E4006CC6F5 /* AppFactory.app */;
			productType = "com.apple.product-type.application";
		};
/* End PBXNativeTarget section */

/* Begin PBXProject section */
		E7905D3C1F7A32E4006CC6F5 /* Project object */ = {
			isa = PBXProject;
			attributes = {
				LastUpgradeCheck = 0900;
				ORGANIZATIONNAME = alan;
				TargetAttributes = {
					E7905D431F7A32E4006CC6F5 = {
						CreatedOnToolsVersion = 9.0;
						ProvisioningStyle = Automatic;
					};
				};
			};
			buildConfigurationList = E7905D3F1F7A32E4006CC6F5 /* Build configuration list for PBXProject "AppFactory" */;
			compatibilityVersion = "Xcode 8.0";
			developmentRegion = en;
			hasScannedForEncodings = 0;
			knownRegions = (
				en,
				"zh-Hant",
			);
			mainGroup = E7905D3B1F7A32E4006CC6F5;
			productRefGroup = E7905D451F7A32E4006CC6F5 /* Products */;
			projectDirPath = "";
			projectRoot = "";
			targets = (
				E7905D431F7A32E4006CC6F5 /* AppFactory */,
			);
		};
/* End PBXProject section */

/* Begin PBXResourcesBuildPhase section */
		E7905D421F7A32E4006CC6F5 /* Resources */ = {
			isa = PBXResourcesBuildPhase;
			buildActionMask = 2147483647;
			files = (
				E7F8C1F61F8F1C1600B1E14B /* countries.json in Resources */,
				E7C20AD61F906A16004B70E0 /* CTFeedback.bundle in Resources */,
				E7905D5E1F7A350A006CC6F5 /* Launch Screen.storyboard in Resources */,
				E7905D511F7A32E4006CC6F5 /* Assets.xcassets in Resources */,
				E7F8C20E1F8F1C1600B1E14B /* AppFactory.bundle in Resources */,
			);
			runOnlyForDeploymentPostprocessing = 0;
		};
/* End PBXResourcesBuildPhase section */

/* Begin PBXShellScriptBuildPhase section */
		3A40999DCFB16384B8C8F7B3 /* [CP] Check Pods Manifest.lock */ = {
			isa = PBXShellScriptBuildPhase;
			buildActionMask = 2147483647;
			files = (
			);
			inputPaths = (
				"${PODS_PODFILE_DIR_PATH}/Podfile.lock",
				"${PODS_ROOT}/Manifest.lock",
			);
			name = "[CP] Check Pods Manifest.lock";
			outputPaths = (
				"$(DERIVED_FILE_DIR)/Pods-AppFactory-checkManifestLockResult.txt",
			);
			runOnlyForDeploymentPostprocessing = 0;
			shellPath = /bin/sh;
			shellScript = "diff \"${PODS_PODFILE_DIR_PATH}/Podfile.lock\" \"${PODS_ROOT}/Manifest.lock\" > /dev/null\nif [ $? != 0 ] ; then\n    # print error to STDERR\n    echo \"error: The sandbox is not in sync with the Podfile.lock. Run 'pod install' or update your CocoaPods installation.\" >&2\n    exit 1\nfi\n# This output is used by Xcode 'outputs' to avoid re-running this script phase.\necho \"SUCCESS\" > \"${SCRIPT_OUTPUT_FILE_0}\"\n";
			showEnvVarsInLog = 0;
		};
		50F8310955C0E2A029822DF9 /* [CP] Copy Pods Resources */ = {
			isa = PBXShellScriptBuildPhase;
			buildActionMask = 2147483647;
			files = (
			);
			inputPaths = (
			);
			name = "[CP] Copy Pods Resources";
			outputPaths = (
			);
			runOnlyForDeploymentPostprocessing = 0;
			shellPath = /bin/sh;
			shellScript = "\"${SRCROOT}/Pods/Target Support Files/Pods-AppFactory/Pods-AppFactory-resources.sh\"\n";
			showEnvVarsInLog = 0;
		};
		7012D74D1F327E69DB6657EF /* [CP] Embed Pods Frameworks */ = {
			isa = PBXShellScriptBuildPhase;
			buildActionMask = 2147483647;
			files = (
			);
			inputPaths = (
				"${SRCROOT}/Pods/Target Support Files/Pods-AppFactory/Pods-AppFactory-frameworks.sh",
				"${BUILT_PRODUCTS_DIR}/AFNetworking/AFNetworking.framework",
				"${BUILT_PRODUCTS_DIR}/ActionSheetPicker-3.0/ActionSheetPicker_3_0.framework",
				"${BUILT_PRODUCTS_DIR}/ArrayUtils/ArrayUtils.framework",
				"${BUILT_PRODUCTS_DIR}/Aspects/Aspects.framework",
				"${BUILT_PRODUCTS_DIR}/BlocksKit/BlocksKit.framework",
				"${BUILT_PRODUCTS_DIR}/Bolts/Bolts.framework",
				"${BUILT_PRODUCTS_DIR}/DACircularProgress/DACircularProgress.framework",
				"${BUILT_PRODUCTS_DIR}/DateTools/DateTools.framework",
				"${BUILT_PRODUCTS_DIR}/EDColor/EDColor.framework",
				"${BUILT_PRODUCTS_DIR}/FBSDKCoreKit/FBSDKCoreKit.framework",
				"${BUILT_PRODUCTS_DIR}/FBSDKLoginKit/FBSDKLoginKit.framework",
				"${BUILT_PRODUCTS_DIR}/HexColors/HexColors.framework",
				"${BUILT_PRODUCTS_DIR}/IDMPhotoBrowser/IDMPhotoBrowser.framework",
				"${BUILT_PRODUCTS_DIR}/MJExtension/MJExtension.framework",
				"${BUILT_PRODUCTS_DIR}/MJRefresh/MJRefresh.framework",
				"${BUILT_PRODUCTS_DIR}/MWFeedParser/MWFeedParser.framework",
				"${BUILT_PRODUCTS_DIR}/Masonry/Masonry.framework",
				"${BUILT_PRODUCTS_DIR}/NSHash/NSHash.framework",
				"${BUILT_PRODUCTS_DIR}/NYXImagesKit/NYXImagesKit.framework",
				"${BUILT_PRODUCTS_DIR}/ObjcAssociatedObjectHelpers/ObjcAssociatedObjectHelpers.framework",
				"${BUILT_PRODUCTS_DIR}/PINCache/PINCache.framework",
				"${BUILT_PRODUCTS_DIR}/PINOperation/PINOperation.framework",
				"${BUILT_PRODUCTS_DIR}/PPTopMostController/PPTopMostController.framework",
				"${BUILT_PRODUCTS_DIR}/PromiseKit/PromiseKit.framework",
				"${BUILT_PRODUCTS_DIR}/RMessage/RMessage.framework",
				"${BUILT_PRODUCTS_DIR}/ReactiveObjC/ReactiveObjC.framework",
				"${BUILT_PRODUCTS_DIR}/SAMKeychain/SAMKeychain.framework",
				"${BUILT_PRODUCTS_DIR}/SDWebImage/SDWebImage.framework",
				"${BUILT_PRODUCTS_DIR}/SVProgressHUD/SVProgressHUD.framework",
				"${BUILT_PRODUCTS_DIR}/TTTAttributedLabel/TTTAttributedLabel.framework",
				"${BUILT_PRODUCTS_DIR}/Toaster/Toaster.framework",
				"${BUILT_PRODUCTS_DIR}/UIDeviceIdentifier/UIDeviceIdentifier.framework",
				"${BUILT_PRODUCTS_DIR}/UIImage-Helpers/UIImage_Helpers.framework",
				"${BUILT_PRODUCTS_DIR}/ViewUtils/ViewUtils.framework",
				"${BUILT_PRODUCTS_DIR}/hpple/hpple.framework",
				"${BUILT_PRODUCTS_DIR}/iVersion/iVersion.framework",
				"${BUILT_PRODUCTS_DIR}/pop/pop.framework",
			);
			name = "[CP] Embed Pods Frameworks";
			outputPaths = (
				"${TARGET_BUILD_DIR}/${FRAMEWORKS_FOLDER_PATH}/AFNetworking.framework",
				"${TARGET_BUILD_DIR}/${FRAMEWORKS_FOLDER_PATH}/ActionSheetPicker_3_0.framework",
				"${TARGET_BUILD_DIR}/${FRAMEWORKS_FOLDER_PATH}/ArrayUtils.framework",
				"${TARGET_BUILD_DIR}/${FRAMEWORKS_FOLDER_PATH}/Aspects.framework",
				"${TARGET_BUILD_DIR}/${FRAMEWORKS_FOLDER_PATH}/BlocksKit.framework",
				"${TARGET_BUILD_DIR}/${FRAMEWORKS_FOLDER_PATH}/Bolts.framework",
				"${TARGET_BUILD_DIR}/${FRAMEWORKS_FOLDER_PATH}/DACircularProgress.framework",
				"${TARGET_BUILD_DIR}/${FRAMEWORKS_FOLDER_PATH}/DateTools.framework",
				"${TARGET_BUILD_DIR}/${FRAMEWORKS_FOLDER_PATH}/EDColor.framework",
				"${TARGET_BUILD_DIR}/${FRAMEWORKS_FOLDER_PATH}/FBSDKCoreKit.framework",
				"${TARGET_BUILD_DIR}/${FRAMEWORKS_FOLDER_PATH}/FBSDKLoginKit.framework",
				"${TARGET_BUILD_DIR}/${FRAMEWORKS_FOLDER_PATH}/HexColors.framework",
				"${TARGET_BUILD_DIR}/${FRAMEWORKS_FOLDER_PATH}/IDMPhotoBrowser.framework",
				"${TARGET_BUILD_DIR}/${FRAMEWORKS_FOLDER_PATH}/MJExtension.framework",
				"${TARGET_BUILD_DIR}/${FRAMEWORKS_FOLDER_PATH}/MJRefresh.framework",
				"${TARGET_BUILD_DIR}/${FRAMEWORKS_FOLDER_PATH}/MWFeedParser.framework",
				"${TARGET_BUILD_DIR}/${FRAMEWORKS_FOLDER_PATH}/Masonry.framework",
				"${TARGET_BUILD_DIR}/${FRAMEWORKS_FOLDER_PATH}/NSHash.framework",
				"${TARGET_BUILD_DIR}/${FRAMEWORKS_FOLDER_PATH}/NYXImagesKit.framework",
				"${TARGET_BUILD_DIR}/${FRAMEWORKS_FOLDER_PATH}/ObjcAssociatedObjectHelpers.framework",
				"${TARGET_BUILD_DIR}/${FRAMEWORKS_FOLDER_PATH}/PINCache.framework",
				"${TARGET_BUILD_DIR}/${FRAMEWORKS_FOLDER_PATH}/PINOperation.framework",
				"${TARGET_BUILD_DIR}/${FRAMEWORKS_FOLDER_PATH}/PPTopMostController.framework",
				"${TARGET_BUILD_DIR}/${FRAMEWORKS_FOLDER_PATH}/PromiseKit.framework",
				"${TARGET_BUILD_DIR}/${FRAMEWORKS_FOLDER_PATH}/RMessage.framework",
				"${TARGET_BUILD_DIR}/${FRAMEWORKS_FOLDER_PATH}/ReactiveObjC.framework",
				"${TARGET_BUILD_DIR}/${FRAMEWORKS_FOLDER_PATH}/SAMKeychain.framework",
				"${TARGET_BUILD_DIR}/${FRAMEWORKS_FOLDER_PATH}/SDWebImage.framework",
				"${TARGET_BUILD_DIR}/${FRAMEWORKS_FOLDER_PATH}/SVProgressHUD.framework",
				"${TARGET_BUILD_DIR}/${FRAMEWORKS_FOLDER_PATH}/TTTAttributedLabel.framework",
				"${TARGET_BUILD_DIR}/${FRAMEWORKS_FOLDER_PATH}/Toaster.framework",
				"${TARGET_BUILD_DIR}/${FRAMEWORKS_FOLDER_PATH}/UIDeviceIdentifier.framework",
				"${TARGET_BUILD_DIR}/${FRAMEWORKS_FOLDER_PATH}/UIImage_Helpers.framework",
				"${TARGET_BUILD_DIR}/${FRAMEWORKS_FOLDER_PATH}/ViewUtils.framework",
				"${TARGET_BUILD_DIR}/${FRAMEWORKS_FOLDER_PATH}/hpple.framework",
				"${TARGET_BUILD_DIR}/${FRAMEWORKS_FOLDER_PATH}/iVersion.framework",
				"${TARGET_BUILD_DIR}/${FRAMEWORKS_FOLDER_PATH}/pop.framework",
			);
			runOnlyForDeploymentPostprocessing = 0;
			shellPath = /bin/sh;
			shellScript = "\"${SRCROOT}/Pods/Target Support Files/Pods-AppFactory/Pods-AppFactory-frameworks.sh\"\n";
			showEnvVarsInLog = 0;
		};
/* End PBXShellScriptBuildPhase section */

/* Begin PBXSourcesBuildPhase section */
		E7905D401F7A32E4006CC6F5 /* Sources */ = {
			isa = PBXSourcesBuildPhase;
			buildActionMask = 2147483647;
			files = (
				E78E60051FA08CAD00EA022E /* ScrollableSegmentedControl.m in Sources */,
				E7F8C1C31F8F1C1600B1E14B /* AFApiResponse.m in Sources */,
				E7F8C2051F8F1C1600B1E14B /* KeyChainWrapper.m in Sources */,
				E7F8C2021F8F1C1600B1E14B /* HTMLParser.m in Sources */,
				E7F8C1E51F8F1C1600B1E14B /* UITextField+AFExtension.m in Sources */,
				E7F8C1D91F8F1C1600B1E14B /* NSString+AFWebExtension.m in Sources */,
				E7F8C1FB1F8F1C1600B1E14B /* CTFeedbackCell.m in Sources */,
				E7F8C20B1F8F1C1600B1E14B /* ViewControllerHelper.m in Sources */,
				E7F8C1DC1F8F1C1600B1E14B /* UIImage+AFExtension.m in Sources */,
				E7F8C1DA1F8F1C1600B1E14B /* UIButton+AFExtension.m in Sources */,
				E7F8C1F11F8F1C1600B1E14B /* APNHelper.m in Sources */,
				E7F8C1E71F8F1C1600B1E14B /* UIView+AFBorder.m in Sources */,
				E7F8C1E91F8F1C1600B1E14B /* UIView+AFSubView.m in Sources */,
				E7F8C1E21F8F1C1600B1E14B /* UITableViewCell+AFExtension.m in Sources */,
				E7F8C2041F8F1C1600B1E14B /* ImagePickerHelper.m in Sources */,
				E7F8C1F41F8F1C1600B1E14B /* AFCountryCell.m in Sources */,
				E7F8C1FA1F8F1C1600B1E14B /* FBSSOHelper.m in Sources */,
				E7F8C1C81F8F1C1600B1E14B /* AFBaseTableViewController.m in Sources */,
				E7F8C1D71F8F1C1600B1E14B /* NSString+AFRegExtension.m in Sources */,
				E7F8C1FD1F8F1C1600B1E14B /* CTFeedbackTopicsViewController.m in Sources */,
				E7F8C1E11F8F1C1600B1E14B /* UITableView+AFExtension.m in Sources */,
				E7F8C1EB1F8F1C1600B1E14B /* UIAlertController+AFExtension.m in Sources */,
				E78E60091FA08F6600EA022E /* NotificationNumberView.m in Sources */,
				E741BEF61F9ED49500FE41C4 /* AFGhostButton.m in Sources */,
				E7F8C1D01F8F1C1600B1E14B /* NSMutableDictionary+AFExtension.m in Sources */,
				E7F8C1E81F8F1C1600B1E14B /* UIView+AFExtension.m in Sources */,
				E7F8C1EC1F8F1C1600B1E14B /* UIAlertController+Window.m in Sources */,
				E7F8C1FE1F8F1C1600B1E14B /* CTFeedbackViewController.m in Sources */,
				E7F8C1D11F8F1C1600B1E14B /* NSObject+AFExtension.m in Sources */,
				E7F8C1CB1F8F1C1600B1E14B /* AFBaseTableView.m in Sources */,
				E741BEF91F9EDA5600FE41C4 /* AFRadioButton.m in Sources */,
				E7F8C1E41F8F1C1600B1E14B /* UILabel+AFExtension.m in Sources */,
				E7F8C1D31F8F1C1600B1E14B /* NSURL+AFExtension.m in Sources */,
				E7F8C20D1F8F1C1600B1E14B /* AFSearchBarView.m in Sources */,
				E7F8C1F81F8F1C1600B1E14B /* CountryModel.m in Sources */,
				E7F8C1C41F8F1C1600B1E14B /* AFApiTaskError.m in Sources */,
				E74174561FA03D6B009456FD /* RACSubject+AFThrottle.m in Sources */,
				E7F8C1C61F8F1C1600B1E14B /* APICategories.m in Sources */,
				E7F8C1D61F8F1C1600B1E14B /* NSString+AFExtension.m in Sources */,
				E7F8C1C21F8F1C1600B1E14B /* AppFactory.m in Sources */,
				E7F8C1E01F8F1C1600B1E14B /* UIScrollView+AFRefresh.m in Sources */,
				E7F8C1C71F8F1C1600B1E14B /* AFBaseNavigationController.m in Sources */,
				E7F8C1CA1F8F1C1600B1E14B /* AFBaseTableCell.m in Sources */,
				E7F8C1DB1F8F1C1600B1E14B /* UIButton+ExpandHitArea.m in Sources */,
				E7F8C2011F8F1C1600B1E14B /* FeedbackHelper.m in Sources */,
				E78E5FFD1FA07A6D00EA022E /* LightBoxData.m in Sources */,
				E7F8C1F01F8F1C1600B1E14B /* UIViewController+AFExtension.m in Sources */,
				E7905D4C1F7A32E4006CC6F5 /* ViewController.m in Sources */,
				E7F8C1DD1F8F1C1600B1E14B /* UIImageView+AFExtension.m in Sources */,
				E7F8C1D51F8F1C1600B1E14B /* NSMutableAttributedString+AFExtension.m in Sources */,
				E7F8C1E31F8F1C1600B1E14B /* UIApplication+AFExtension.m in Sources */,
				E7905D571F7A32E4006CC6F5 /* main.m in Sources */,
				E722EB701F9C7ECD0027CC05 /* TTTAttributedLabel+AFExtension.m in Sources */,
				E7F8C1EE1F8F1C1600B1E14B /* UINavigationController+AFExtension.m in Sources */,
				E7F8C1CC1F8F1C1600B1E14B /* AFTableEmptyCaseView.m in Sources */,
				E7F8C1F51F8F1C1600B1E14B /* AFCountryPickerViewController.m in Sources */,
				E7F4A9A41FAC05A200AE7B27 /* AFNaviBar.m in Sources */,
				E7F8C1D21F8F1C1600B1E14B /* NSDate+AFExtension.m in Sources */,
				E7F8C1F21F8F1C1600B1E14B /* APNModel.m in Sources */,
				E7F8C20C1F8F1C1600B1E14B /* WebControllerHelper.m in Sources */,
				E7F8C2031F8F1C1600B1E14B /* TFHpple+Tag.m in Sources */,
				E7F8C1FC1F8F1C1600B1E14B /* CTFeedbackCellItem.m in Sources */,
				E7F8C20A1F8F1C1600B1E14B /* UIComponentFactory.m in Sources */,
				E7F8C1CF1F8F1C1600B1E14B /* NSMutableArray+AFExtension.m in Sources */,
				E7F8C1DE1F8F1C1600B1E14B /* AFRefreshlHeader.m in Sources */,
				E7F8C1ED1F8F1C1600B1E14B /* UIBarButtonItem+AFExtension.m in Sources */,
				E7F8C1FF1F8F1C1600B1E14B /* NSBundle+CTFeedback.m in Sources */,
				E7F8C1F71F8F1C1600B1E14B /* CountryCodePicker.m in Sources */,
				E7F8C2091F8F1C1600B1E14B /* ToastMessage.m in Sources */,
				E7F8C1D81F8F1C1600B1E14B /* NSString+AFTimeExtension.m in Sources */,
				E7F8C1E61F8F1C1600B1E14B /* UITextView+AFExtension.m in Sources */,
				E7F8C1EF1F8F1C1600B1E14B /* UITabBarController+AFExtension.m in Sources */,
				E7F8C1DF1F8F1C1600B1E14B /* UIScrollView+AFExtension.m in Sources */,
				E7F8C1C91F8F1C1600B1E14B /* AFBaseViewController.m in Sources */,
				E7F8C2081F8F1C1600B1E14B /* SVProgressHUDHelper.m in Sources */,
				E7F8C1F31F8F1C1600B1E14B /* AFAppVersonHelper.m in Sources */,
				E7F8C1EA1F8F1C1600B1E14B /* UIActivityViewController+AFExtension.m in Sources */,
				E70E9CDD1F948E640017F881 /* UIColor+AFExtension.m in Sources */,
				E7F8C2071F8F1C1600B1E14B /* RMessageHelper.m in Sources */,
				E722EB5A1F960F890027CC05 /* AnyPromise+AFExtension.m in Sources */,
				E722EB661F98867F0027CC05 /* FBSSOResult.m in Sources */,
				E7F8C1C51F8F1C1600B1E14B /* AFHTTPSessionManager+AFExtension.m in Sources */,
				E78E60011FA07A6D00EA022E /* LightBoxWrapper.m in Sources */,
				E7905D491F7A32E4006CC6F5 /* AppDelegate.m in Sources */,
				E7F4A97D1FA9A5CD00AE7B27 /* AFButtonsView.m in Sources */,
				E7F8C1CD1F8F1C1600B1E14B /* IDMPhotoBrowser+AFExtension.m in Sources */,
				E7F8C1D41F8F1C1600B1E14B /* NSAttributedString+AFExtension.m in Sources */,
				E7F8C1CE1F8F1C1600B1E14B /* NSArray+AFExtension.m in Sources */,
			);
			runOnlyForDeploymentPostprocessing = 0;
		};
/* End PBXSourcesBuildPhase section */

/* Begin XCBuildConfiguration section */
		E7905D581F7A32E4006CC6F5 /* Debug */ = {
			isa = XCBuildConfiguration;
			buildSettings = {
				ALWAYS_SEARCH_USER_PATHS = NO;
				CLANG_ANALYZER_NONNULL = YES;
				CLANG_ANALYZER_NUMBER_OBJECT_CONVERSION = YES_AGGRESSIVE;
				CLANG_CXX_LANGUAGE_STANDARD = "gnu++14";
				CLANG_CXX_LIBRARY = "libc++";
				CLANG_ENABLE_MODULES = YES;
				CLANG_ENABLE_OBJC_ARC = YES;
				CLANG_WARN_BLOCK_CAPTURE_AUTORELEASING = YES;
				CLANG_WARN_BOOL_CONVERSION = YES;
				CLANG_WARN_COMMA = YES;
				CLANG_WARN_CONSTANT_CONVERSION = YES;
				CLANG_WARN_DIRECT_OBJC_ISA_USAGE = YES_ERROR;
				CLANG_WARN_DOCUMENTATION_COMMENTS = YES;
				CLANG_WARN_EMPTY_BODY = YES;
				CLANG_WARN_ENUM_CONVERSION = YES;
				CLANG_WARN_INFINITE_RECURSION = YES;
				CLANG_WARN_INT_CONVERSION = YES;
				CLANG_WARN_NON_LITERAL_NULL_CONVERSION = YES;
				CLANG_WARN_OBJC_LITERAL_CONVERSION = YES;
				CLANG_WARN_OBJC_ROOT_CLASS = YES_ERROR;
				CLANG_WARN_RANGE_LOOP_ANALYSIS = YES;
				CLANG_WARN_STRICT_PROTOTYPES = YES;
				CLANG_WARN_SUSPICIOUS_MOVE = YES;
				CLANG_WARN_UNGUARDED_AVAILABILITY = YES_AGGRESSIVE;
				CLANG_WARN_UNREACHABLE_CODE = YES;
				CLANG_WARN__DUPLICATE_METHOD_MATCH = YES;
				CODE_SIGN_IDENTITY = "iPhone Developer";
				COPY_PHASE_STRIP = NO;
				DEBUG_INFORMATION_FORMAT = dwarf;
				ENABLE_STRICT_OBJC_MSGSEND = YES;
				ENABLE_TESTABILITY = YES;
				GCC_C_LANGUAGE_STANDARD = gnu11;
				GCC_DYNAMIC_NO_PIC = NO;
				GCC_NO_COMMON_BLOCKS = YES;
				GCC_OPTIMIZATION_LEVEL = 0;
				GCC_PREPROCESSOR_DEFINITIONS = (
					"DEBUG=1",
					"$(inherited)",
				);
				GCC_WARN_64_TO_32_BIT_CONVERSION = YES;
				GCC_WARN_ABOUT_RETURN_TYPE = YES_ERROR;
				GCC_WARN_UNDECLARED_SELECTOR = YES;
				GCC_WARN_UNINITIALIZED_AUTOS = YES_AGGRESSIVE;
				GCC_WARN_UNUSED_FUNCTION = YES;
				GCC_WARN_UNUSED_VARIABLE = YES;
				IPHONEOS_DEPLOYMENT_TARGET = 11.0;
				MTL_ENABLE_DEBUG_INFO = YES;
				ONLY_ACTIVE_ARCH = YES;
				SDKROOT = iphoneos;
			};
			name = Debug;
		};
		E7905D591F7A32E4006CC6F5 /* Release */ = {
			isa = XCBuildConfiguration;
			buildSettings = {
				ALWAYS_SEARCH_USER_PATHS = NO;
				CLANG_ANALYZER_NONNULL = YES;
				CLANG_ANALYZER_NUMBER_OBJECT_CONVERSION = YES_AGGRESSIVE;
				CLANG_CXX_LANGUAGE_STANDARD = "gnu++14";
				CLANG_CXX_LIBRARY = "libc++";
				CLANG_ENABLE_MODULES = YES;
				CLANG_ENABLE_OBJC_ARC = YES;
				CLANG_WARN_BLOCK_CAPTURE_AUTORELEASING = YES;
				CLANG_WARN_BOOL_CONVERSION = YES;
				CLANG_WARN_COMMA = YES;
				CLANG_WARN_CONSTANT_CONVERSION = YES;
				CLANG_WARN_DIRECT_OBJC_ISA_USAGE = YES_ERROR;
				CLANG_WARN_DOCUMENTATION_COMMENTS = YES;
				CLANG_WARN_EMPTY_BODY = YES;
				CLANG_WARN_ENUM_CONVERSION = YES;
				CLANG_WARN_INFINITE_RECURSION = YES;
				CLANG_WARN_INT_CONVERSION = YES;
				CLANG_WARN_NON_LITERAL_NULL_CONVERSION = YES;
				CLANG_WARN_OBJC_LITERAL_CONVERSION = YES;
				CLANG_WARN_OBJC_ROOT_CLASS = YES_ERROR;
				CLANG_WARN_RANGE_LOOP_ANALYSIS = YES;
				CLANG_WARN_STRICT_PROTOTYPES = YES;
				CLANG_WARN_SUSPICIOUS_MOVE = YES;
				CLANG_WARN_UNGUARDED_AVAILABILITY = YES_AGGRESSIVE;
				CLANG_WARN_UNREACHABLE_CODE = YES;
				CLANG_WARN__DUPLICATE_METHOD_MATCH = YES;
				CODE_SIGN_IDENTITY = "iPhone Developer";
				COPY_PHASE_STRIP = NO;
				DEBUG_INFORMATION_FORMAT = "dwarf-with-dsym";
				ENABLE_NS_ASSERTIONS = NO;
				ENABLE_STRICT_OBJC_MSGSEND = YES;
				GCC_C_LANGUAGE_STANDARD = gnu11;
				GCC_NO_COMMON_BLOCKS = YES;
				GCC_WARN_64_TO_32_BIT_CONVERSION = YES;
				GCC_WARN_ABOUT_RETURN_TYPE = YES_ERROR;
				GCC_WARN_UNDECLARED_SELECTOR = YES;
				GCC_WARN_UNINITIALIZED_AUTOS = YES_AGGRESSIVE;
				GCC_WARN_UNUSED_FUNCTION = YES;
				GCC_WARN_UNUSED_VARIABLE = YES;
				IPHONEOS_DEPLOYMENT_TARGET = 11.0;
				MTL_ENABLE_DEBUG_INFO = NO;
				SDKROOT = iphoneos;
				VALIDATE_PRODUCT = YES;
			};
			name = Release;
		};
		E7905D5B1F7A32E4006CC6F5 /* Debug */ = {
			isa = XCBuildConfiguration;
			baseConfigurationReference = 821A19A83CA18C63B2FC3144 /* Pods-AppFactory.debug.xcconfig */;
			buildSettings = {
				ALWAYS_EMBED_SWIFT_STANDARD_LIBRARIES = YES;
				ASSETCATALOG_COMPILER_APPICON_NAME = AppIcon;
				CLANG_ALLOW_NON_MODULAR_INCLUDES_IN_FRAMEWORK_MODULES = YES;
				CLANG_WARN_STRICT_PROTOTYPES = NO;
				CODE_SIGN_STYLE = Automatic;
				DEVELOPMENT_TEAM = G7UYAV3U3M;
				GCC_PREFIX_HEADER = "$(SRCROOT)/AppFactory/AppFactory-Prefix.pch";
				INFOPLIST_FILE = AppFactory/Info.plist;
				IPHONEOS_DEPLOYMENT_TARGET = 9.0;
				LD_RUNPATH_SEARCH_PATHS = "$(inherited) @executable_path/Frameworks";
				PRODUCT_BUNDLE_IDENTIFIER = com.install.www.AppFactory;
				PRODUCT_NAME = "$(TARGET_NAME)";
				TARGETED_DEVICE_FAMILY = "1,2";
			};
			name = Debug;
		};
		E7905D5C1F7A32E4006CC6F5 /* Release */ = {
			isa = XCBuildConfiguration;
			baseConfigurationReference = 718971DA37BB2B94F20D9133 /* Pods-AppFactory.release.xcconfig */;
			buildSettings = {
				ALWAYS_EMBED_SWIFT_STANDARD_LIBRARIES = YES;
				ASSETCATALOG_COMPILER_APPICON_NAME = AppIcon;
				CLANG_ALLOW_NON_MODULAR_INCLUDES_IN_FRAMEWORK_MODULES = YES;
				CLANG_WARN_STRICT_PROTOTYPES = NO;
				CODE_SIGN_STYLE = Automatic;
				DEVELOPMENT_TEAM = G7UYAV3U3M;
				GCC_PREFIX_HEADER = "$(SRCROOT)/AppFactory/AppFactory-Prefix.pch";
				INFOPLIST_FILE = AppFactory/Info.plist;
				IPHONEOS_DEPLOYMENT_TARGET = 9.0;
				LD_RUNPATH_SEARCH_PATHS = "$(inherited) @executable_path/Frameworks";
				PRODUCT_BUNDLE_IDENTIFIER = com.install.www.AppFactory;
				PRODUCT_NAME = "$(TARGET_NAME)";
				TARGETED_DEVICE_FAMILY = "1,2";
			};
			name = Release;
		};
/* End XCBuildConfiguration section */

/* Begin XCConfigurationList section */
		E7905D3F1F7A32E4006CC6F5 /* Build configuration list for PBXProject "AppFactory" */ = {
			isa = XCConfigurationList;
			buildConfigurations = (
				E7905D581F7A32E4006CC6F5 /* Debug */,
				E7905D591F7A32E4006CC6F5 /* Release */,
			);
			defaultConfigurationIsVisible = 0;
			defaultConfigurationName = Release;
		};
		E7905D5A1F7A32E4006CC6F5 /* Build configuration list for PBXNativeTarget "AppFactory" */ = {
			isa = XCConfigurationList;
			buildConfigurations = (
				E7905D5B1F7A32E4006CC6F5 /* Debug */,
				E7905D5C1F7A32E4006CC6F5 /* Release */,
			);
			defaultConfigurationIsVisible = 0;
			defaultConfigurationName = Release;
		};
/* End XCConfigurationList section */
	};
	rootObject = E7905D3C1F7A32E4006CC6F5 /* Project object */;
}
